// !$*UTF8*$!
{
	archiveVersion = 1;
	classes = {
	};
	objectVersion = 70;
	objects = {

/* Begin PBXBuildFile section */
		10E4589E2F2994A60002A8FC /* Moldin-Black.otf in Resources */ = {isa = PBXBuildFile; fileRef = 10E458982F2994A60002A8FC /* Moldin-Black.otf */; };
		10E4589F2F2994A60002A8FC /* Moldin-Regular.otf in Resources */ = {isa = PBXBuildFile; fileRef = 10E4589C2F2994A60002A8FC /* Moldin-Regular.otf */; };
		10E458A02F2994A60002A8FC /* Moldin-SemiBold.otf in Resources */ = {isa = PBXBuildFile; fileRef = 10E4589D2F2994A60002A8FC /* Moldin-SemiBold.otf */; };
		10E458A12F2994A60002A8FC /* Moldin-Medium.otf in Resources */ = {isa = PBXBuildFile; fileRef = 10E4589B2F2994A60002A8FC /* Moldin-Medium.otf */; };
		10E458A22F2994A60002A8FC /* Moldin-ExtraBold.otf in Resources */ = {isa = PBXBuildFile; fileRef = 10E4589A2F2994A60002A8FC /* Moldin-ExtraBold.otf */; };
		10E458A32F2994A60002A8FC /* Moldin-Bold.otf in Resources */ = {isa = PBXBuildFile; fileRef = 10E458992F2994A60002A8FC /* Moldin-Bold.otf */; };
		10E458B92F299B400002A8FC /* DMSans-BoldItalic.ttf in Resources */ = {isa = PBXBuildFile; fileRef = 10E458A82F299B400002A8FC /* DMSans-BoldItalic.ttf */; };
		10E458BA2F299B400002A8FC /* DMSans-Italic.ttf in Resources */ = {isa = PBXBuildFile; fileRef = 10E458AD2F299B400002A8FC /* DMSans-Italic.ttf */; };
		10E458BB2F299B400002A8FC /* DMSans-LightItalic.ttf in Resources */ = {isa = PBXBuildFile; fileRef = 10E458B02F299B400002A8FC /* DMSans-LightItalic.ttf */; };
		10E458BD2F299B400002A8FC /* DMSans-Black.ttf in Resources */ = {isa = PBXBuildFile; fileRef = 10E458A52F299B400002A8FC /* DMSans-Black.ttf */; };
		10E458BE2F299B400002A8FC /* DMSans-BlackItalic.ttf in Resources */ = {isa = PBXBuildFile; fileRef = 10E458A62F299B400002A8FC /* DMSans-BlackItalic.ttf */; };
		10E458BF2F299B400002A8FC /* DMSans-Regular.ttf in Resources */ = {isa = PBXBuildFile; fileRef = 10E458B32F299B400002A8FC /* DMSans-Regular.ttf */; };
		10E458C02F299B400002A8FC /* DMSans-Thin.ttf in Resources */ = {isa = PBXBuildFile; fileRef = 10E458B62F299B400002A8FC /* DMSans-Thin.ttf */; };
		10E458C12F299B400002A8FC /* DMSans-ExtraBold.ttf in Resources */ = {isa = PBXBuildFile; fileRef = 10E458A92F299B400002A8FC /* DMSans-ExtraBold.ttf */; };
		10E458C32F299B400002A8FC /* DMSans-SemiBold.ttf in Resources */ = {isa = PBXBuildFile; fileRef = 10E458B42F299B400002A8FC /* DMSans-SemiBold.ttf */; };
		10E458C42F299B400002A8FC /* DMSans-Bold.ttf in Resources */ = {isa = PBXBuildFile; fileRef = 10E458A72F299B400002A8FC /* DMSans-Bold.ttf */; };
		10E458C52F299B400002A8FC /* DMSans-SemiBoldItalic.ttf in Resources */ = {isa = PBXBuildFile; fileRef = 10E458B52F299B400002A8FC /* DMSans-SemiBoldItalic.ttf */; };
		10E458C62F299B400002A8FC /* DMSans-Light.ttf in Resources */ = {isa = PBXBuildFile; fileRef = 10E458AF2F299B400002A8FC /* DMSans-Light.ttf */; };
		10E458C72F299B400002A8FC /* DMSans-ExtraBoldItalic.ttf in Resources */ = {isa = PBXBuildFile; fileRef = 10E458AA2F299B400002A8FC /* DMSans-ExtraBoldItalic.ttf */; };
		10E458C82F299B400002A8FC /* DMSans-MediumItalic.ttf in Resources */ = {isa = PBXBuildFile; fileRef = 10E458B22F299B400002A8FC /* DMSans-MediumItalic.ttf */; };
		10E458C92F299B400002A8FC /* DMSans-ThinItalic.ttf in Resources */ = {isa = PBXBuildFile; fileRef = 10E458B72F299B400002A8FC /* DMSans-ThinItalic.ttf */; };
		10E458CA2F299B400002A8FC /* DMSans-ExtraLight.ttf in Resources */ = {isa = PBXBuildFile; fileRef = 10E458AB2F299B400002A8FC /* DMSans-ExtraLight.ttf */; };
		10E458CB2F299B400002A8FC /* DMSans-Medium.ttf in Resources */ = {isa = PBXBuildFile; fileRef = 10E458B12F299B400002A8FC /* DMSans-Medium.ttf */; };
		10E458CC2F299B400002A8FC /* DMSans-ExtraLightItalic.ttf in Resources */ = {isa = PBXBuildFile; fileRef = 10E458AC2F299B400002A8FC /* DMSans-ExtraLightItalic.ttf */; };
		83081A702BCC58130015A8F4 /* CloudPlaylist.swift in Sources */ = {isa = PBXBuildFile; fileRef = 83081A6F2BCC58130015A8F4 /* CloudPlaylist.swift */; };
		83081A722BCC59150015A8F4 /* YoutubePlaylists.swift in Sources */ = {isa = PBXBuildFile; fileRef = 83081A712BCC59150015A8F4 /* YoutubePlaylists.swift */; };
		8315C84C2BBCD004002186E9 /* VideoView.swift in Sources */ = {isa = PBXBuildFile; fileRef = 8315C84B2BBCD004002186E9 /* VideoView.swift */; };
		83386E582BB24EA900E6BDE4 /* YouTubeiOSPlayerHelper in Frameworks */ = {isa = PBXBuildFile; productRef = 83386E572BB24EA900E6BDE4 /* YouTubeiOSPlayerHelper */; };
		83389A2C2BC08AD9001B6171 /* PlaylistCover.swift in Sources */ = {isa = PBXBuildFile; fileRef = 83389A2B2BC08AD9001B6171 /* PlaylistCover.swift */; };
		83389A312BC09315001B6171 /* ListsView.swift in Sources */ = {isa = PBXBuildFile; fileRef = 83389A302BC09315001B6171 /* ListsView.swift */; };
		83389A342BC09338001B6171 /* ListsViewModel.swift in Sources */ = {isa = PBXBuildFile; fileRef = 83389A332BC09338001B6171 /* ListsViewModel.swift */; };
		83389A392BC09394001B6171 /* ListVideosView.swift in Sources */ = {isa = PBXBuildFile; fileRef = 83389A382BC09394001B6171 /* ListVideosView.swift */; };
		83389A3B2BC093A1001B6171 /* ListVideosViewModel.swift in Sources */ = {isa = PBXBuildFile; fileRef = 83389A3A2BC093A1001B6171 /* ListVideosViewModel.swift */; };
		83389A3E2BC09C3A001B6171 /* IbvnType.swift in Sources */ = {isa = PBXBuildFile; fileRef = 83389A3D2BC09C3A001B6171 /* IbvnType.swift */; };
		8338F0782BCB43C4008598F4 /* YoutubeApiManager.swift in Sources */ = {isa = PBXBuildFile; fileRef = 8338F0772BCB43C4008598F4 /* YoutubeApiManager.swift */; };
		83618C2D2F29A8E000D426F5 /* AppFont.swift in Sources */ = {isa = PBXBuildFile; fileRef = 83618C2C2F29A8E000D426F5 /* AppFont.swift */; };
		8371D6A72BCAF2910010EB85 /* CombineMoya in Frameworks */ = {isa = PBXBuildFile; productRef = 8371D6A62BCAF2910010EB85 /* CombineMoya */; };
		8371D6A92BCAF2910010EB85 /* Moya in Frameworks */ = {isa = PBXBuildFile; productRef = 8371D6A82BCAF2910010EB85 /* Moya */; };
		8371D6AB2BCAF2910010EB85 /* ReactiveMoya in Frameworks */ = {isa = PBXBuildFile; productRef = 8371D6AA2BCAF2910010EB85 /* ReactiveMoya */; };
		8371D6AD2BCAF2910010EB85 /* RxMoya in Frameworks */ = {isa = PBXBuildFile; productRef = 8371D6AC2BCAF2910010EB85 /* RxMoya */; };
		838501612D4B113A008A49E2 /* SignInView.swift in Sources */ = {isa = PBXBuildFile; fileRef = 838501602D4B113A008A49E2 /* SignInView.swift */; };
		838501632D4B119B008A49E2 /* SignInViewModel.swift in Sources */ = {isa = PBXBuildFile; fileRef = 838501622D4B119B008A49E2 /* SignInViewModel.swift */; };
		838501662D4B179E008A49E2 /* FirebaseAuth in Frameworks */ = {isa = PBXBuildFile; productRef = 838501652D4B179E008A49E2 /* FirebaseAuth */; };
		8388016D2BC0B35E00FC31BC /* GoogleService-Info.plist in Resources */ = {isa = PBXBuildFile; fileRef = 8388016C2BC0B35E00FC31BC /* GoogleService-Info.plist */; };
		838801812BC0DEE900FC31BC /* LiveView.swift in Sources */ = {isa = PBXBuildFile; fileRef = 838801802BC0DEE900FC31BC /* LiveView.swift */; };
		838801832BC0E12900FC31BC /* LiveViewModel.swift in Sources */ = {isa = PBXBuildFile; fileRef = 838801822BC0E12900FC31BC /* LiveViewModel.swift */; };
		8388813E2E0C6FDC00B017D1 /* Pastor.swift in Sources */ = {isa = PBXBuildFile; fileRef = 8388813D2E0C6FDC00B017D1 /* Pastor.swift */; };
		83891C3A2BB6229F002CBE99 /* YoutubePlayer.swift in Sources */ = {isa = PBXBuildFile; fileRef = 83891C392BB6229F002CBE99 /* YoutubePlayer.swift */; };
		83A5BD782BE6D45300511D7D /* CampusLocation.swift in Sources */ = {isa = PBXBuildFile; fileRef = 83A5BD772BE6D45300511D7D /* CampusLocation.swift */; };
		83A8D4552BC20C0B00EFAD3B /* FirebaseAnalytics in Frameworks */ = {isa = PBXBuildFile; productRef = 83A8D4542BC20C0B00EFAD3B /* FirebaseAnalytics */; };
		83A8D4572BC20C0B00EFAD3B /* FirebaseAnalyticsOnDeviceConversion in Frameworks */ = {isa = PBXBuildFile; productRef = 83A8D4562BC20C0B00EFAD3B /* FirebaseAnalyticsOnDeviceConversion */; };
		83A8D4592BC20C0B00EFAD3B /* FirebaseAnalyticsSwift in Frameworks */ = {isa = PBXBuildFile; productRef = 83A8D4582BC20C0B00EFAD3B /* FirebaseAnalyticsSwift */; };
		83A8D45B2BC20C0B00EFAD3B /* FirebaseAnalyticsWithoutAdIdSupport in Frameworks */ = {isa = PBXBuildFile; productRef = 83A8D45A2BC20C0B00EFAD3B /* FirebaseAnalyticsWithoutAdIdSupport */; };
		83A8D45D2BC20C0B00EFAD3B /* FirebaseAppCheck in Frameworks */ = {isa = PBXBuildFile; productRef = 83A8D45C2BC20C0B00EFAD3B /* FirebaseAppCheck */; };
		83A8D4622BC20ED100EFAD3B /* FirebaseFirestore in Frameworks */ = {isa = PBXBuildFile; productRef = 83A8D4612BC20ED100EFAD3B /* FirebaseFirestore */; };
		83A8D4642BC20EDA00EFAD3B /* FirebaseFirestoreSwift in Frameworks */ = {isa = PBXBuildFile; productRef = 83A8D4632BC20EDA00EFAD3B /* FirebaseFirestoreSwift */; };
		83A8D4662BC3094000EFAD3B /* VideoLiveView.swift in Sources */ = {isa = PBXBuildFile; fileRef = 83A8D4652BC3094000EFAD3B /* VideoLiveView.swift */; };
		83A8D4682BC3125900EFAD3B /* YoutubeVideo.swift in Sources */ = {isa = PBXBuildFile; fileRef = 83A8D4672BC3125900EFAD3B /* YoutubeVideo.swift */; };
		83A8D46A2BC315F300EFAD3B /* YoutubeLive.swift in Sources */ = {isa = PBXBuildFile; fileRef = 83A8D4692BC315F300EFAD3B /* YoutubeLive.swift */; };
		83BC51E52BE3216400C26C85 /* CampusView.swift in Sources */ = {isa = PBXBuildFile; fileRef = 83BC51E42BE3216400C26C85 /* CampusView.swift */; };
		83BC51E72BE321B800C26C85 /* Campus.swift in Sources */ = {isa = PBXBuildFile; fileRef = 83BC51E62BE321B800C26C85 /* Campus.swift */; };
		83BC51E92BE3229200C26C85 /* CampusViewModel.swift in Sources */ = {isa = PBXBuildFile; fileRef = 83BC51E82BE3229200C26C85 /* CampusViewModel.swift */; };
		83D182C72BB5576F0097A4D9 /* YoutubePlaylist.swift in Sources */ = {isa = PBXBuildFile; fileRef = 83D182C62BB5576F0097A4D9 /* YoutubePlaylist.swift */; };
		83D182CA2BB55EA90097A4D9 /* TabBarView.swift in Sources */ = {isa = PBXBuildFile; fileRef = 83D182C92BB55EA90097A4D9 /* TabBarView.swift */; };
		83D1F4472BB1C30400A611A5 /* IbvnApp.swift in Sources */ = {isa = PBXBuildFile; fileRef = 83D1F4462BB1C30400A611A5 /* IbvnApp.swift */; };
		83D1F44B2BB1C30600A611A5 /* Assets.xcassets in Resources */ = {isa = PBXBuildFile; fileRef = 83D1F44A2BB1C30600A611A5 /* Assets.xcassets */; };
		83D1F44E2BB1C30600A611A5 /* Preview Assets.xcassets in Resources */ = {isa = PBXBuildFile; fileRef = 83D1F44D2BB1C30600A611A5 /* Preview Assets.xcassets */; };
		83D1F4582BB1C30700A611A5 /* IbvnTests.swift in Sources */ = {isa = PBXBuildFile; fileRef = 83D1F4572BB1C30700A611A5 /* IbvnTests.swift */; };
		83D1F4622BB1C30700A611A5 /* IbvnUITests.swift in Sources */ = {isa = PBXBuildFile; fileRef = 83D1F4612BB1C30700A611A5 /* IbvnUITests.swift */; };
		83D1F4642BB1C30700A611A5 /* IbvnUITestsLaunchTests.swift in Sources */ = {isa = PBXBuildFile; fileRef = 83D1F4632BB1C30700A611A5 /* IbvnUITestsLaunchTests.swift */; };
		83E5F4892BC1C884001C23EF /* AlertInfo.swift in Sources */ = {isa = PBXBuildFile; fileRef = 83E5F4882BC1C884001C23EF /* AlertInfo.swift */; };
		83E5F48C2BC1C8E9001C23EF /* PresentAlertType.swift in Sources */ = {isa = PBXBuildFile; fileRef = 83E5F48B2BC1C8E9001C23EF /* PresentAlertType.swift */; };
		83EBBDE32BC6A965003AD08B /* SettingsView.swift in Sources */ = {isa = PBXBuildFile; fileRef = 83EBBDE22BC6A965003AD08B /* SettingsView.swift */; };
		83EBBDE52BC6A976003AD08B /* SettingsViewModel.swift in Sources */ = {isa = PBXBuildFile; fileRef = 83EBBDE42BC6A976003AD08B /* SettingsViewModel.swift */; };
		83EBBDE72BC6B704003AD08B /* CloudLive.swift in Sources */ = {isa = PBXBuildFile; fileRef = 83EBBDE62BC6B704003AD08B /* CloudLive.swift */; };
/* End PBXBuildFile section */

/* Begin PBXContainerItemProxy section */
		83D1F4542BB1C30700A611A5 /* PBXContainerItemProxy */ = {
			isa = PBXContainerItemProxy;
			containerPortal = 83D1F43B2BB1C30400A611A5 /* Project object */;
			proxyType = 1;
			remoteGlobalIDString = 83D1F4422BB1C30400A611A5;
			remoteInfo = ibvn;
		};
		83D1F45E2BB1C30700A611A5 /* PBXContainerItemProxy */ = {
			isa = PBXContainerItemProxy;
			containerPortal = 83D1F43B2BB1C30400A611A5 /* Project object */;
			proxyType = 1;
			remoteGlobalIDString = 83D1F4422BB1C30400A611A5;
			remoteInfo = ibvn;
		};
/* End PBXContainerItemProxy section */

/* Begin PBXFileReference section */
		10E458982F2994A60002A8FC /* Moldin-Black.otf */ = {isa = PBXFileReference; lastKnownFileType = file; path = "Moldin-Black.otf"; sourceTree = "<group>"; };
		10E458992F2994A60002A8FC /* Moldin-Bold.otf */ = {isa = PBXFileReference; lastKnownFileType = file; path = "Moldin-Bold.otf"; sourceTree = "<group>"; };
		10E4589A2F2994A60002A8FC /* Moldin-ExtraBold.otf */ = {isa = PBXFileReference; lastKnownFileType = file; path = "Moldin-ExtraBold.otf"; sourceTree = "<group>"; };
		10E4589B2F2994A60002A8FC /* Moldin-Medium.otf */ = {isa = PBXFileReference; lastKnownFileType = file; path = "Moldin-Medium.otf"; sourceTree = "<group>"; };
		10E4589C2F2994A60002A8FC /* Moldin-Regular.otf */ = {isa = PBXFileReference; lastKnownFileType = file; path = "Moldin-Regular.otf"; sourceTree = "<group>"; };
		10E4589D2F2994A60002A8FC /* Moldin-SemiBold.otf */ = {isa = PBXFileReference; lastKnownFileType = file; path = "Moldin-SemiBold.otf"; sourceTree = "<group>"; };
		10E458A52F299B400002A8FC /* DMSans-Black.ttf */ = {isa = PBXFileReference; lastKnownFileType = file; path = "DMSans-Black.ttf"; sourceTree = "<group>"; };
		10E458A62F299B400002A8FC /* DMSans-BlackItalic.ttf */ = {isa = PBXFileReference; lastKnownFileType = file; path = "DMSans-BlackItalic.ttf"; sourceTree = "<group>"; };
		10E458A72F299B400002A8FC /* DMSans-Bold.ttf */ = {isa = PBXFileReference; lastKnownFileType = file; path = "DMSans-Bold.ttf"; sourceTree = "<group>"; };
		10E458A82F299B400002A8FC /* DMSans-BoldItalic.ttf */ = {isa = PBXFileReference; lastKnownFileType = file; path = "DMSans-BoldItalic.ttf"; sourceTree = "<group>"; };
		10E458A92F299B400002A8FC /* DMSans-ExtraBold.ttf */ = {isa = PBXFileReference; lastKnownFileType = file; path = "DMSans-ExtraBold.ttf"; sourceTree = "<group>"; };
		10E458AA2F299B400002A8FC /* DMSans-ExtraBoldItalic.ttf */ = {isa = PBXFileReference; lastKnownFileType = file; path = "DMSans-ExtraBoldItalic.ttf"; sourceTree = "<group>"; };
		10E458AB2F299B400002A8FC /* DMSans-ExtraLight.ttf */ = {isa = PBXFileReference; lastKnownFileType = file; path = "DMSans-ExtraLight.ttf"; sourceTree = "<group>"; };
		10E458AC2F299B400002A8FC /* DMSans-ExtraLightItalic.ttf */ = {isa = PBXFileReference; lastKnownFileType = file; path = "DMSans-ExtraLightItalic.ttf"; sourceTree = "<group>"; };
		10E458AD2F299B400002A8FC /* DMSans-Italic.ttf */ = {isa = PBXFileReference; lastKnownFileType = file; path = "DMSans-Italic.ttf"; sourceTree = "<group>"; };
		10E458AF2F299B400002A8FC /* DMSans-Light.ttf */ = {isa = PBXFileReference; lastKnownFileType = file; path = "DMSans-Light.ttf"; sourceTree = "<group>"; };
		10E458B02F299B400002A8FC /* DMSans-LightItalic.ttf */ = {isa = PBXFileReference; lastKnownFileType = file; path = "DMSans-LightItalic.ttf"; sourceTree = "<group>"; };
		10E458B12F299B400002A8FC /* DMSans-Medium.ttf */ = {isa = PBXFileReference; lastKnownFileType = file; path = "DMSans-Medium.ttf"; sourceTree = "<group>"; };
		10E458B22F299B400002A8FC /* DMSans-MediumItalic.ttf */ = {isa = PBXFileReference; lastKnownFileType = file; path = "DMSans-MediumItalic.ttf"; sourceTree = "<group>"; };
		10E458B32F299B400002A8FC /* DMSans-Regular.ttf */ = {isa = PBXFileReference; lastKnownFileType = file; path = "DMSans-Regular.ttf"; sourceTree = "<group>"; };
		10E458B42F299B400002A8FC /* DMSans-SemiBold.ttf */ = {isa = PBXFileReference; lastKnownFileType = file; path = "DMSans-SemiBold.ttf"; sourceTree = "<group>"; };
		10E458B52F299B400002A8FC /* DMSans-SemiBoldItalic.ttf */ = {isa = PBXFileReference; lastKnownFileType = file; path = "DMSans-SemiBoldItalic.ttf"; sourceTree = "<group>"; };
		10E458B62F299B400002A8FC /* DMSans-Thin.ttf */ = {isa = PBXFileReference; lastKnownFileType = file; path = "DMSans-Thin.ttf"; sourceTree = "<group>"; };
		10E458B72F299B400002A8FC /* DMSans-ThinItalic.ttf */ = {isa = PBXFileReference; lastKnownFileType = file; path = "DMSans-ThinItalic.ttf"; sourceTree = "<group>"; };
		83081A6F2BCC58130015A8F4 /* CloudPlaylist.swift */ = {isa = PBXFileReference; lastKnownFileType = sourcecode.swift; path = CloudPlaylist.swift; sourceTree = "<group>"; };
		83081A712BCC59150015A8F4 /* YoutubePlaylists.swift */ = {isa = PBXFileReference; lastKnownFileType = sourcecode.swift; path = YoutubePlaylists.swift; sourceTree = "<group>"; };
		8315C84B2BBCD004002186E9 /* VideoView.swift */ = {isa = PBXFileReference; lastKnownFileType = sourcecode.swift; path = VideoView.swift; sourceTree = "<group>"; };
		83389A2B2BC08AD9001B6171 /* PlaylistCover.swift */ = {isa = PBXFileReference; lastKnownFileType = sourcecode.swift; path = PlaylistCover.swift; sourceTree = "<group>"; };
		83389A302BC09315001B6171 /* ListsView.swift */ = {isa = PBXFileReference; lastKnownFileType = sourcecode.swift; path = ListsView.swift; sourceTree = "<group>"; };
		83389A332BC09338001B6171 /* ListsViewModel.swift */ = {isa = PBXFileReference; lastKnownFileType = sourcecode.swift; path = ListsViewModel.swift; sourceTree = "<group>"; };
		83389A382BC09394001B6171 /* ListVideosView.swift */ = {isa = PBXFileReference; lastKnownFileType = sourcecode.swift; path = ListVideosView.swift; sourceTree = "<group>"; };
		83389A3A2BC093A1001B6171 /* ListVideosViewModel.swift */ = {isa = PBXFileReference; lastKnownFileType = sourcecode.swift; path = ListVideosViewModel.swift; sourceTree = "<group>"; };
		83389A3D2BC09C3A001B6171 /* IbvnType.swift */ = {isa = PBXFileReference; lastKnownFileType = sourcecode.swift; path = IbvnType.swift; sourceTree = "<group>"; };
		8338F0772BCB43C4008598F4 /* YoutubeApiManager.swift */ = {isa = PBXFileReference; lastKnownFileType = sourcecode.swift; path = YoutubeApiManager.swift; sourceTree = "<group>"; };
		83618C2C2F29A8E000D426F5 /* AppFont.swift */ = {isa = PBXFileReference; lastKnownFileType = sourcecode.swift; path = AppFont.swift; sourceTree = "<group>"; };
		838501602D4B113A008A49E2 /* SignInView.swift */ = {isa = PBXFileReference; lastKnownFileType = sourcecode.swift; path = SignInView.swift; sourceTree = "<group>"; };
		838501622D4B119B008A49E2 /* SignInViewModel.swift */ = {isa = PBXFileReference; lastKnownFileType = sourcecode.swift; path = SignInViewModel.swift; sourceTree = "<group>"; };
		8388016C2BC0B35E00FC31BC /* GoogleService-Info.plist */ = {isa = PBXFileReference; fileEncoding = 4; lastKnownFileType = text.plist.xml; path = "GoogleService-Info.plist"; sourceTree = "<group>"; };
		838801802BC0DEE900FC31BC /* LiveView.swift */ = {isa = PBXFileReference; lastKnownFileType = sourcecode.swift; path = LiveView.swift; sourceTree = "<group>"; };
		838801822BC0E12900FC31BC /* LiveViewModel.swift */ = {isa = PBXFileReference; lastKnownFileType = sourcecode.swift; path = LiveViewModel.swift; sourceTree = "<group>"; };
		8388813D2E0C6FDC00B017D1 /* Pastor.swift */ = {isa = PBXFileReference; lastKnownFileType = sourcecode.swift; path = Pastor.swift; sourceTree = "<group>"; };
		83891C392BB6229F002CBE99 /* YoutubePlayer.swift */ = {isa = PBXFileReference; lastKnownFileType = sourcecode.swift; path = YoutubePlayer.swift; sourceTree = "<group>"; };
		83A5BD772BE6D45300511D7D /* CampusLocation.swift */ = {isa = PBXFileReference; lastKnownFileType = sourcecode.swift; path = CampusLocation.swift; sourceTree = "<group>"; };
		83A8D4652BC3094000EFAD3B /* VideoLiveView.swift */ = {isa = PBXFileReference; lastKnownFileType = sourcecode.swift; path = VideoLiveView.swift; sourceTree = "<group>"; };
		83A8D4672BC3125900EFAD3B /* YoutubeVideo.swift */ = {isa = PBXFileReference; lastKnownFileType = sourcecode.swift; path = YoutubeVideo.swift; sourceTree = "<group>"; };
		83A8D4692BC315F300EFAD3B /* YoutubeLive.swift */ = {isa = PBXFileReference; lastKnownFileType = sourcecode.swift; path = YoutubeLive.swift; sourceTree = "<group>"; };
		83BC51E42BE3216400C26C85 /* CampusView.swift */ = {isa = PBXFileReference; lastKnownFileType = sourcecode.swift; path = CampusView.swift; sourceTree = "<group>"; };
		83BC51E62BE321B800C26C85 /* Campus.swift */ = {isa = PBXFileReference; lastKnownFileType = sourcecode.swift; path = Campus.swift; sourceTree = "<group>"; };
		83BC51E82BE3229200C26C85 /* CampusViewModel.swift */ = {isa = PBXFileReference; lastKnownFileType = sourcecode.swift; path = CampusViewModel.swift; sourceTree = "<group>"; };
		83D182C62BB5576F0097A4D9 /* YoutubePlaylist.swift */ = {isa = PBXFileReference; lastKnownFileType = sourcecode.swift; path = YoutubePlaylist.swift; sourceTree = "<group>"; };
		83D182C92BB55EA90097A4D9 /* TabBarView.swift */ = {isa = PBXFileReference; lastKnownFileType = sourcecode.swift; path = TabBarView.swift; sourceTree = "<group>"; };
		83D1F4432BB1C30400A611A5 /* ibvn.app */ = {isa = PBXFileReference; explicitFileType = wrapper.application; includeInIndex = 0; path = ibvn.app; sourceTree = BUILT_PRODUCTS_DIR; };
		83D1F4462BB1C30400A611A5 /* IbvnApp.swift */ = {isa = PBXFileReference; lastKnownFileType = sourcecode.swift; path = IbvnApp.swift; sourceTree = "<group>"; };
		83D1F44A2BB1C30600A611A5 /* Assets.xcassets */ = {isa = PBXFileReference; lastKnownFileType = folder.assetcatalog; path = Assets.xcassets; sourceTree = "<group>"; };
		83D1F44D2BB1C30600A611A5 /* Preview Assets.xcassets */ = {isa = PBXFileReference; lastKnownFileType = folder.assetcatalog; path = "Preview Assets.xcassets"; sourceTree = "<group>"; };
		83D1F4532BB1C30700A611A5 /* ibvnTests.xctest */ = {isa = PBXFileReference; explicitFileType = wrapper.cfbundle; includeInIndex = 0; path = ibvnTests.xctest; sourceTree = BUILT_PRODUCTS_DIR; };
		83D1F4572BB1C30700A611A5 /* IbvnTests.swift */ = {isa = PBXFileReference; lastKnownFileType = sourcecode.swift; path = IbvnTests.swift; sourceTree = "<group>"; };
		83D1F45D2BB1C30700A611A5 /* ibvnUITests.xctest */ = {isa = PBXFileReference; explicitFileType = wrapper.cfbundle; includeInIndex = 0; path = ibvnUITests.xctest; sourceTree = BUILT_PRODUCTS_DIR; };
		83D1F4612BB1C30700A611A5 /* IbvnUITests.swift */ = {isa = PBXFileReference; lastKnownFileType = sourcecode.swift; path = IbvnUITests.swift; sourceTree = "<group>"; };
		83D1F4632BB1C30700A611A5 /* IbvnUITestsLaunchTests.swift */ = {isa = PBXFileReference; lastKnownFileType = sourcecode.swift; path = IbvnUITestsLaunchTests.swift; sourceTree = "<group>"; };
		83E5F4882BC1C884001C23EF /* AlertInfo.swift */ = {isa = PBXFileReference; lastKnownFileType = sourcecode.swift; path = AlertInfo.swift; sourceTree = "<group>"; };
		83E5F48B2BC1C8E9001C23EF /* PresentAlertType.swift */ = {isa = PBXFileReference; lastKnownFileType = sourcecode.swift; path = PresentAlertType.swift; sourceTree = "<group>"; };
		83EBBDE22BC6A965003AD08B /* SettingsView.swift */ = {isa = PBXFileReference; lastKnownFileType = sourcecode.swift; path = SettingsView.swift; sourceTree = "<group>"; };
		83EBBDE42BC6A976003AD08B /* SettingsViewModel.swift */ = {isa = PBXFileReference; lastKnownFileType = sourcecode.swift; path = SettingsViewModel.swift; sourceTree = "<group>"; };
		83EBBDE62BC6B704003AD08B /* CloudLive.swift */ = {isa = PBXFileReference; lastKnownFileType = sourcecode.swift; path = CloudLive.swift; sourceTree = "<group>"; };
/* End PBXFileReference section */

/* Begin PBXFileSystemSynchronizedRootGroup section */
		8385016D2D4B1AB9008A49E2 /* Helper */ = {isa = PBXFileSystemSynchronizedRootGroup; explicitFileTypes = {}; explicitFolders = (); path = Helper; sourceTree = "<group>"; };
/* End PBXFileSystemSynchronizedRootGroup section */

/* Begin PBXFrameworksBuildPhase section */
		83D1F4402BB1C30400A611A5 /* Frameworks */ = {
			isa = PBXFrameworksBuildPhase;
			buildActionMask = 2147483647;
			files = (
				83A8D4592BC20C0B00EFAD3B /* FirebaseAnalyticsSwift in Frameworks */,
				83A8D45B2BC20C0B00EFAD3B /* FirebaseAnalyticsWithoutAdIdSupport in Frameworks */,
				8371D6A72BCAF2910010EB85 /* CombineMoya in Frameworks */,
				83A8D4552BC20C0B00EFAD3B /* FirebaseAnalytics in Frameworks */,
				83A8D4572BC20C0B00EFAD3B /* FirebaseAnalyticsOnDeviceConversion in Frameworks */,
				83A8D45D2BC20C0B00EFAD3B /* FirebaseAppCheck in Frameworks */,
				8371D6AD2BCAF2910010EB85 /* RxMoya in Frameworks */,
				83386E582BB24EA900E6BDE4 /* YouTubeiOSPlayerHelper in Frameworks */,
				83A8D4622BC20ED100EFAD3B /* FirebaseFirestore in Frameworks */,
				8371D6A92BCAF2910010EB85 /* Moya in Frameworks */,
				838501662D4B179E008A49E2 /* FirebaseAuth in Frameworks */,
				83A8D4642BC20EDA00EFAD3B /* FirebaseFirestoreSwift in Frameworks */,
				8371D6AB2BCAF2910010EB85 /* ReactiveMoya in Frameworks */,
			);
			runOnlyForDeploymentPostprocessing = 0;
		};
		83D1F4502BB1C30700A611A5 /* Frameworks */ = {
			isa = PBXFrameworksBuildPhase;
			buildActionMask = 2147483647;
			files = (
			);
			runOnlyForDeploymentPostprocessing = 0;
		};
		83D1F45A2BB1C30700A611A5 /* Frameworks */ = {
			isa = PBXFrameworksBuildPhase;
			buildActionMask = 2147483647;
			files = (
			);
			runOnlyForDeploymentPostprocessing = 0;
		};
/* End PBXFrameworksBuildPhase section */

/* Begin PBXGroup section */
		10E458A42F2994B30002A8FC /* Fonts */ = {
			isa = PBXGroup;
			children = (
				10E458982F2994A60002A8FC /* Moldin-Black.otf */,
				10E458992F2994A60002A8FC /* Moldin-Bold.otf */,
				10E4589A2F2994A60002A8FC /* Moldin-ExtraBold.otf */,
				10E4589B2F2994A60002A8FC /* Moldin-Medium.otf */,
				10E4589C2F2994A60002A8FC /* Moldin-Regular.otf */,
				10E4589D2F2994A60002A8FC /* Moldin-SemiBold.otf */,
				10E458A52F299B400002A8FC /* DMSans-Black.ttf */,
				10E458A62F299B400002A8FC /* DMSans-BlackItalic.ttf */,
				10E458A72F299B400002A8FC /* DMSans-Bold.ttf */,
				10E458A82F299B400002A8FC /* DMSans-BoldItalic.ttf */,
				10E458A92F299B400002A8FC /* DMSans-ExtraBold.ttf */,
				10E458AA2F299B400002A8FC /* DMSans-ExtraBoldItalic.ttf */,
				10E458AB2F299B400002A8FC /* DMSans-ExtraLight.ttf */,
				10E458AC2F299B400002A8FC /* DMSans-ExtraLightItalic.ttf */,
				10E458AD2F299B400002A8FC /* DMSans-Italic.ttf */,
				10E458AF2F299B400002A8FC /* DMSans-Light.ttf */,
				10E458B02F299B400002A8FC /* DMSans-LightItalic.ttf */,
				10E458B12F299B400002A8FC /* DMSans-Medium.ttf */,
				10E458B22F299B400002A8FC /* DMSans-MediumItalic.ttf */,
				10E458B32F299B400002A8FC /* DMSans-Regular.ttf */,
				10E458B42F299B400002A8FC /* DMSans-SemiBold.ttf */,
				10E458B52F299B400002A8FC /* DMSans-SemiBoldItalic.ttf */,
				10E458B62F299B400002A8FC /* DMSans-Thin.ttf */,
				10E458B72F299B400002A8FC /* DMSans-ThinItalic.ttf */,
			);
			path = Fonts;
			sourceTree = "<group>";
		};
		8315C8472BBCCD6E002186E9 /* Common */ = {
			isa = PBXGroup;
			children = (
				8344D6AD2BE3097200BC0AB3 /* PlaylistCover */,
				8344D6AC2BE3095600BC0AB3 /* YoutubePlayer */,
				8344D6AB2BE308BD00BC0AB3 /* Video */,
				83E5F48A2BC1C8BC001C23EF /* Alert */,
				83389A3C2BC09C2B001B6171 /* IbvnType */,
				83389A322BC0931C001B6171 /* Lists */,
				83389A372BC09358001B6171 /* ListVideos */,
			);
			path = Common;
			sourceTree = "<group>";
		};
		83389A322BC0931C001B6171 /* Lists */ = {
			isa = PBXGroup;
			children = (
				83389A302BC09315001B6171 /* ListsView.swift */,
				83389A332BC09338001B6171 /* ListsViewModel.swift */,
			);
			path = Lists;
			sourceTree = "<group>";
		};
		83389A372BC09358001B6171 /* ListVideos */ = {
			isa = PBXGroup;
			children = (
				83389A382BC09394001B6171 /* ListVideosView.swift */,
				83389A3A2BC093A1001B6171 /* ListVideosViewModel.swift */,
			);
			path = ListVideos;
			sourceTree = "<group>";
		};
		83389A3C2BC09C2B001B6171 /* IbvnType */ = {
			isa = PBXGroup;
			children = (
				83389A3D2BC09C3A001B6171 /* IbvnType.swift */,
			);
			path = IbvnType;
			sourceTree = "<group>";
		};
		8344D6AB2BE308BD00BC0AB3 /* Video */ = {
			isa = PBXGroup;
			children = (
				83A8D4652BC3094000EFAD3B /* VideoLiveView.swift */,
				8315C84B2BBCD004002186E9 /* VideoView.swift */,
			);
			path = Video;
			sourceTree = "<group>";
		};
		8344D6AC2BE3095600BC0AB3 /* YoutubePlayer */ = {
			isa = PBXGroup;
			children = (
				83891C392BB6229F002CBE99 /* YoutubePlayer.swift */,
			);
			path = YoutubePlayer;
			sourceTree = "<group>";
		};
		8344D6AD2BE3097200BC0AB3 /* PlaylistCover */ = {
			isa = PBXGroup;
			children = (
				83389A2B2BC08AD9001B6171 /* PlaylistCover.swift */,
			);
			path = PlaylistCover;
			sourceTree = "<group>";
		};
		83618C2B2F29A8C200D426F5 /* Enums */ = {
			isa = PBXGroup;
			children = (
				83618C2C2F29A8E000D426F5 /* AppFont.swift */,
			);
			path = Enums;
			sourceTree = "<group>";
		};
		8371D6A42BCAF1AB0010EB85 /* Network */ = {
			isa = PBXGroup;
			children = (
				8338F0772BCB43C4008598F4 /* YoutubeApiManager.swift */,
			);
			path = Network;
			sourceTree = "<group>";
		};
		8385015F2D4B110C008A49E2 /* SignIn */ = {
			isa = PBXGroup;
			children = (
				838501602D4B113A008A49E2 /* SignInView.swift */,
				838501622D4B119B008A49E2 /* SignInViewModel.swift */,
			);
			path = SignIn;
			sourceTree = "<group>";
		};
		8388017F2BC0DEDB00FC31BC /* Live */ = {
			isa = PBXGroup;
			children = (
				838801802BC0DEE900FC31BC /* LiveView.swift */,
				838801822BC0E12900FC31BC /* LiveViewModel.swift */,
			);
			path = Live;
			sourceTree = "<group>";
		};
		839BDCCC2BBD3B3600DE4442 /* Modules */ = {
			isa = PBXGroup;
			children = (
				8385015F2D4B110C008A49E2 /* SignIn */,
				83BC51E32BE3215100C26C85 /* Campus */,
				83EBBDE12BC6A956003AD08B /* Settings */,
				8388017F2BC0DEDB00FC31BC /* Live */,
				83D182C22BB553F40097A4D9 /* Model */,
				83D182C82BB55E110097A4D9 /* TabBar */,
				8315C8472BBCCD6E002186E9 /* Common */,
			);
			path = Modules;
			sourceTree = "<group>";
		};
		83A8D4602BC20ED100EFAD3B /* Frameworks */ = {
			isa = PBXGroup;
			children = (
			);
			name = Frameworks;
			sourceTree = "<group>";
		};
		83BC51E32BE3215100C26C85 /* Campus */ = {
			isa = PBXGroup;
			children = (
				83BC51E42BE3216400C26C85 /* CampusView.swift */,
				83BC51E82BE3229200C26C85 /* CampusViewModel.swift */,
			);
			path = Campus;
			sourceTree = "<group>";
		};
		83D182C22BB553F40097A4D9 /* Model */ = {
			isa = PBXGroup;
			children = (
				83618C2B2F29A8C200D426F5 /* Enums */,
				83081A712BCC59150015A8F4 /* YoutubePlaylists.swift */,
				83D182C62BB5576F0097A4D9 /* YoutubePlaylist.swift */,
				83A8D4672BC3125900EFAD3B /* YoutubeVideo.swift */,
				83A8D4692BC315F300EFAD3B /* YoutubeLive.swift */,
				83EBBDE62BC6B704003AD08B /* CloudLive.swift */,
				83081A6F2BCC58130015A8F4 /* CloudPlaylist.swift */,
				83BC51E62BE321B800C26C85 /* Campus.swift */,
				83A5BD772BE6D45300511D7D /* CampusLocation.swift */,
				8388813D2E0C6FDC00B017D1 /* Pastor.swift */,
			);
			path = Model;
			sourceTree = "<group>";
		};
		83D182C82BB55E110097A4D9 /* TabBar */ = {
			isa = PBXGroup;
			children = (
				83D182C92BB55EA90097A4D9 /* TabBarView.swift */,
			);
			path = TabBar;
			sourceTree = "<group>";
		};
		83D1F43A2BB1C30400A611A5 = {
			isa = PBXGroup;
			children = (
				10E458A42F2994B30002A8FC /* Fonts */,
				83A8D4602BC20ED100EFAD3B /* Frameworks */,
				8388016C2BC0B35E00FC31BC /* GoogleService-Info.plist */,
				83D1F4452BB1C30400A611A5 /* ibvn */,
				83D1F4562BB1C30700A611A5 /* ibvnTests */,
				83D1F4602BB1C30700A611A5 /* ibvnUITests */,
				83D1F4442BB1C30400A611A5 /* Products */,
			);
			sourceTree = "<group>";
		};
		83D1F4442BB1C30400A611A5 /* Products */ = {
			isa = PBXGroup;
			children = (
				83D1F4432BB1C30400A611A5 /* ibvn.app */,
				83D1F4532BB1C30700A611A5 /* ibvnTests.xctest */,
				83D1F45D2BB1C30700A611A5 /* ibvnUITests.xctest */,
			);
			name = Products;
			sourceTree = "<group>";
		};
		83D1F4452BB1C30400A611A5 /* ibvn */ = {
			isa = PBXGroup;
			children = (
				83D1F44A2BB1C30600A611A5 /* Assets.xcassets */,
				8385016D2D4B1AB9008A49E2 /* Helper */,
				83D1F4462BB1C30400A611A5 /* IbvnApp.swift */,
				839BDCCC2BBD3B3600DE4442 /* Modules */,
				8371D6A42BCAF1AB0010EB85 /* Network */,
				83D1F44C2BB1C30600A611A5 /* Preview Content */,
			);
			path = ibvn;
			sourceTree = "<group>";
		};
		83D1F44C2BB1C30600A611A5 /* Preview Content */ = {
			isa = PBXGroup;
			children = (
				83D1F44D2BB1C30600A611A5 /* Preview Assets.xcassets */,
			);
			path = "Preview Content";
			sourceTree = "<group>";
		};
		83D1F4562BB1C30700A611A5 /* ibvnTests */ = {
			isa = PBXGroup;
			children = (
				83D1F4572BB1C30700A611A5 /* IbvnTests.swift */,
			);
			path = ibvnTests;
			sourceTree = "<group>";
		};
		83D1F4602BB1C30700A611A5 /* ibvnUITests */ = {
			isa = PBXGroup;
			children = (
				83D1F4612BB1C30700A611A5 /* IbvnUITests.swift */,
				83D1F4632BB1C30700A611A5 /* IbvnUITestsLaunchTests.swift */,
			);
			path = ibvnUITests;
			sourceTree = "<group>";
		};
		83E5F48A2BC1C8BC001C23EF /* Alert */ = {
			isa = PBXGroup;
			children = (
				83E5F4882BC1C884001C23EF /* AlertInfo.swift */,
				83E5F48B2BC1C8E9001C23EF /* PresentAlertType.swift */,
			);
			path = Alert;
			sourceTree = "<group>";
		};
		83EBBDE12BC6A956003AD08B /* Settings */ = {
			isa = PBXGroup;
			children = (
				83EBBDE22BC6A965003AD08B /* SettingsView.swift */,
				83EBBDE42BC6A976003AD08B /* SettingsViewModel.swift */,
			);
			path = Settings;
			sourceTree = "<group>";
		};
/* End PBXGroup section */

/* Begin PBXNativeTarget section */
		83D1F4422BB1C30400A611A5 /* ibvn */ = {
			isa = PBXNativeTarget;
			buildConfigurationList = 83D1F4672BB1C30700A611A5 /* Build configuration list for PBXNativeTarget "ibvn" */;
			buildPhases = (
				83D1F43F2BB1C30400A611A5 /* Sources */,
				83D1F4402BB1C30400A611A5 /* Frameworks */,
				83D1F4412BB1C30400A611A5 /* Resources */,
				83F6A7C82BBC8A1E00F79AEF /* ShellScript */,
			);
			buildRules = (
			);
			dependencies = (
			);
			fileSystemSynchronizedGroups = (
				8385016D2D4B1AB9008A49E2 /* Helper */,
			);
			name = ibvn;
			packageProductDependencies = (
				83386E572BB24EA900E6BDE4 /* YouTubeiOSPlayerHelper */,
				83A8D4542BC20C0B00EFAD3B /* FirebaseAnalytics */,
				83A8D4562BC20C0B00EFAD3B /* FirebaseAnalyticsOnDeviceConversion */,
				83A8D4582BC20C0B00EFAD3B /* FirebaseAnalyticsSwift */,
				83A8D45A2BC20C0B00EFAD3B /* FirebaseAnalyticsWithoutAdIdSupport */,
				83A8D45C2BC20C0B00EFAD3B /* FirebaseAppCheck */,
				83A8D4612BC20ED100EFAD3B /* FirebaseFirestore */,
				83A8D4632BC20EDA00EFAD3B /* FirebaseFirestoreSwift */,
				8371D6A62BCAF2910010EB85 /* CombineMoya */,
				8371D6A82BCAF2910010EB85 /* Moya */,
				8371D6AA2BCAF2910010EB85 /* ReactiveMoya */,
				8371D6AC2BCAF2910010EB85 /* RxMoya */,
				838501652D4B179E008A49E2 /* FirebaseAuth */,
			);
			productName = ibvn;
			productReference = 83D1F4432BB1C30400A611A5 /* ibvn.app */;
			productType = "com.apple.product-type.application";
		};
		83D1F4522BB1C30700A611A5 /* ibvnTests */ = {
			isa = PBXNativeTarget;
			buildConfigurationList = 83D1F46A2BB1C30700A611A5 /* Build configuration list for PBXNativeTarget "ibvnTests" */;
			buildPhases = (
				83D1F44F2BB1C30700A611A5 /* Sources */,
				83D1F4502BB1C30700A611A5 /* Frameworks */,
				83D1F4512BB1C30700A611A5 /* Resources */,
			);
			buildRules = (
			);
			dependencies = (
				83D1F4552BB1C30700A611A5 /* PBXTargetDependency */,
			);
			name = ibvnTests;
			productName = ibvnTests;
			productReference = 83D1F4532BB1C30700A611A5 /* ibvnTests.xctest */;
			productType = "com.apple.product-type.bundle.unit-test";
		};
		83D1F45C2BB1C30700A611A5 /* ibvnUITests */ = {
			isa = PBXNativeTarget;
			buildConfigurationList = 83D1F46D2BB1C30700A611A5 /* Build configuration list for PBXNativeTarget "ibvnUITests" */;
			buildPhases = (
				83D1F4592BB1C30700A611A5 /* Sources */,
				83D1F45A2BB1C30700A611A5 /* Frameworks */,
				83D1F45B2BB1C30700A611A5 /* Resources */,
			);
			buildRules = (
			);
			dependencies = (
				83D1F45F2BB1C30700A611A5 /* PBXTargetDependency */,
			);
			name = ibvnUITests;
			productName = ibvnUITests;
			productReference = 83D1F45D2BB1C30700A611A5 /* ibvnUITests.xctest */;
			productType = "com.apple.product-type.bundle.ui-testing";
		};
/* End PBXNativeTarget section */

/* Begin PBXProject section */
		83D1F43B2BB1C30400A611A5 /* Project object */ = {
			isa = PBXProject;
			attributes = {
				BuildIndependentTargetsInParallel = 1;
				LastSwiftUpdateCheck = 1520;
				LastUpgradeCheck = 1520;
				TargetAttributes = {
					83D1F4422BB1C30400A611A5 = {
						CreatedOnToolsVersion = 15.2;
					};
					83D1F4522BB1C30700A611A5 = {
						CreatedOnToolsVersion = 15.2;
						TestTargetID = 83D1F4422BB1C30400A611A5;
					};
					83D1F45C2BB1C30700A611A5 = {
						CreatedOnToolsVersion = 15.2;
						TestTargetID = 83D1F4422BB1C30400A611A5;
					};
				};
			};
			buildConfigurationList = 83D1F43E2BB1C30400A611A5 /* Build configuration list for PBXProject "ibvn" */;
			compatibilityVersion = "Xcode 14.0";
			developmentRegion = "es-419";
			hasScannedForEncodings = 0;
			knownRegions = (
				en,
				"es-419",
				Base,
			);
			mainGroup = 83D1F43A2BB1C30400A611A5;
			packageReferences = (
				83386E562BB24EA900E6BDE4 /* XCRemoteSwiftPackageReference "youtube-ios-player-helper" */,
				83A8D4532BC20C0B00EFAD3B /* XCRemoteSwiftPackageReference "firebase-ios-sdk" */,
				8371D6A52BCAF2910010EB85 /* XCRemoteSwiftPackageReference "Moya" */,
			);
			productRefGroup = 83D1F4442BB1C30400A611A5 /* Products */;
			projectDirPath = "";
			projectRoot = "";
			targets = (
				83D1F4422BB1C30400A611A5 /* ibvn */,
				83D1F4522BB1C30700A611A5 /* ibvnTests */,
				83D1F45C2BB1C30700A611A5 /* ibvnUITests */,
			);
		};
/* End PBXProject section */

/* Begin PBXResourcesBuildPhase section */
		83D1F4412BB1C30400A611A5 /* Resources */ = {
			isa = PBXResourcesBuildPhase;
			buildActionMask = 2147483647;
			files = (
				10E4589E2F2994A60002A8FC /* Moldin-Black.otf in Resources */,
				10E458B92F299B400002A8FC /* DMSans-BoldItalic.ttf in Resources */,
				10E458BA2F299B400002A8FC /* DMSans-Italic.ttf in Resources */,
				10E458BB2F299B400002A8FC /* DMSans-LightItalic.ttf in Resources */,
				10E458BD2F299B400002A8FC /* DMSans-Black.ttf in Resources */,
				10E458BE2F299B400002A8FC /* DMSans-BlackItalic.ttf in Resources */,
				10E458BF2F299B400002A8FC /* DMSans-Regular.ttf in Resources */,
				10E458C02F299B400002A8FC /* DMSans-Thin.ttf in Resources */,
				10E458C12F299B400002A8FC /* DMSans-ExtraBold.ttf in Resources */,
				10E458C32F299B400002A8FC /* DMSans-SemiBold.ttf in Resources */,
				10E458C42F299B400002A8FC /* DMSans-Bold.ttf in Resources */,
				10E458C52F299B400002A8FC /* DMSans-SemiBoldItalic.ttf in Resources */,
				10E458C62F299B400002A8FC /* DMSans-Light.ttf in Resources */,
				10E458C72F299B400002A8FC /* DMSans-ExtraBoldItalic.ttf in Resources */,
				10E458C82F299B400002A8FC /* DMSans-MediumItalic.ttf in Resources */,
				10E458C92F299B400002A8FC /* DMSans-ThinItalic.ttf in Resources */,
				10E458CA2F299B400002A8FC /* DMSans-ExtraLight.ttf in Resources */,
				10E458CB2F299B400002A8FC /* DMSans-Medium.ttf in Resources */,
				10E458CC2F299B400002A8FC /* DMSans-ExtraLightItalic.ttf in Resources */,
				10E4589F2F2994A60002A8FC /* Moldin-Regular.otf in Resources */,
				10E458A02F2994A60002A8FC /* Moldin-SemiBold.otf in Resources */,
				10E458A12F2994A60002A8FC /* Moldin-Medium.otf in Resources */,
				10E458A22F2994A60002A8FC /* Moldin-ExtraBold.otf in Resources */,
				10E458A32F2994A60002A8FC /* Moldin-Bold.otf in Resources */,
				83D1F44E2BB1C30600A611A5 /* Preview Assets.xcassets in Resources */,
				83D1F44B2BB1C30600A611A5 /* Assets.xcassets in Resources */,
				8388016D2BC0B35E00FC31BC /* GoogleService-Info.plist in Resources */,
			);
			runOnlyForDeploymentPostprocessing = 0;
		};
		83D1F4512BB1C30700A611A5 /* Resources */ = {
			isa = PBXResourcesBuildPhase;
			buildActionMask = 2147483647;
			files = (
			);
			runOnlyForDeploymentPostprocessing = 0;
		};
		83D1F45B2BB1C30700A611A5 /* Resources */ = {
			isa = PBXResourcesBuildPhase;
			buildActionMask = 2147483647;
			files = (
			);
			runOnlyForDeploymentPostprocessing = 0;
		};
/* End PBXResourcesBuildPhase section */

/* Begin PBXShellScriptBuildPhase section */
		83F6A7C82BBC8A1E00F79AEF /* ShellScript */ = {
			isa = PBXShellScriptBuildPhase;
			alwaysOutOfDate = 1;
			buildActionMask = 2147483647;
			files = (
			);
			inputFileListPaths = (
			);
			inputPaths = (
			);
			outputFileListPaths = (
			);
			outputPaths = (
			);
			runOnlyForDeploymentPostprocessing = 0;
			shellPath = /bin/sh;
			shellScript = "SWIFTLINT=\"/opt/homebrew/bin/swiftlint\"\n\nif [ -x \"$SWIFTLINT\" ]; then\n  \"$SWIFTLINT\"\nelse\n  echo \"warning: SwiftLint not installed, download from https://github.com/realm/SwiftLint\"\nfi\n";
		};
/* End PBXShellScriptBuildPhase section */

/* Begin PBXSourcesBuildPhase section */
		83D1F43F2BB1C30400A611A5 /* Sources */ = {
			isa = PBXSourcesBuildPhase;
			buildActionMask = 2147483647;
			files = (
				83D182CA2BB55EA90097A4D9 /* TabBarView.swift in Sources */,
				83D182C72BB5576F0097A4D9 /* YoutubePlaylist.swift in Sources */,
				83389A3B2BC093A1001B6171 /* ListVideosViewModel.swift in Sources */,
				83389A342BC09338001B6171 /* ListsViewModel.swift in Sources */,
				83E5F48C2BC1C8E9001C23EF /* PresentAlertType.swift in Sources */,
				83081A702BCC58130015A8F4 /* CloudPlaylist.swift in Sources */,
				83BC51E92BE3229200C26C85 /* CampusViewModel.swift in Sources */,
				83EBBDE72BC6B704003AD08B /* CloudLive.swift in Sources */,
				8388813E2E0C6FDC00B017D1 /* Pastor.swift in Sources */,
				83081A722BCC59150015A8F4 /* YoutubePlaylists.swift in Sources */,
				83389A392BC09394001B6171 /* ListVideosView.swift in Sources */,
				83BC51E52BE3216400C26C85 /* CampusView.swift in Sources */,
				83389A3E2BC09C3A001B6171 /* IbvnType.swift in Sources */,
				83BC51E72BE321B800C26C85 /* Campus.swift in Sources */,
				83A8D46A2BC315F300EFAD3B /* YoutubeLive.swift in Sources */,
				83A8D4682BC3125900EFAD3B /* YoutubeVideo.swift in Sources */,
				838801812BC0DEE900FC31BC /* LiveView.swift in Sources */,
				83E5F4892BC1C884001C23EF /* AlertInfo.swift in Sources */,
				83D1F4472BB1C30400A611A5 /* IbvnApp.swift in Sources */,
				83A8D4662BC3094000EFAD3B /* VideoLiveView.swift in Sources */,
				83EBBDE32BC6A965003AD08B /* SettingsView.swift in Sources */,
				83618C2D2F29A8E000D426F5 /* AppFont.swift in Sources */,
				83891C3A2BB6229F002CBE99 /* YoutubePlayer.swift in Sources */,
				8315C84C2BBCD004002186E9 /* VideoView.swift in Sources */,
				838801832BC0E12900FC31BC /* LiveViewModel.swift in Sources */,
				838501612D4B113A008A49E2 /* SignInView.swift in Sources */,
				83389A312BC09315001B6171 /* ListsView.swift in Sources */,
				83389A2C2BC08AD9001B6171 /* PlaylistCover.swift in Sources */,
				838501632D4B119B008A49E2 /* SignInViewModel.swift in Sources */,
				83EBBDE52BC6A976003AD08B /* SettingsViewModel.swift in Sources */,
				8338F0782BCB43C4008598F4 /* YoutubeApiManager.swift in Sources */,
				83A5BD782BE6D45300511D7D /* CampusLocation.swift in Sources */,
			);
			runOnlyForDeploymentPostprocessing = 0;
		};
		83D1F44F2BB1C30700A611A5 /* Sources */ = {
			isa = PBXSourcesBuildPhase;
			buildActionMask = 2147483647;
			files = (
				83D1F4582BB1C30700A611A5 /* IbvnTests.swift in Sources */,
			);
			runOnlyForDeploymentPostprocessing = 0;
		};
		83D1F4592BB1C30700A611A5 /* Sources */ = {
			isa = PBXSourcesBuildPhase;
			buildActionMask = 2147483647;
			files = (
				83D1F4622BB1C30700A611A5 /* IbvnUITests.swift in Sources */,
				83D1F4642BB1C30700A611A5 /* IbvnUITestsLaunchTests.swift in Sources */,
			);
			runOnlyForDeploymentPostprocessing = 0;
		};
/* End PBXSourcesBuildPhase section */

/* Begin PBXTargetDependency section */
		83D1F4552BB1C30700A611A5 /* PBXTargetDependency */ = {
			isa = PBXTargetDependency;
			target = 83D1F4422BB1C30400A611A5 /* ibvn */;
			targetProxy = 83D1F4542BB1C30700A611A5 /* PBXContainerItemProxy */;
		};
		83D1F45F2BB1C30700A611A5 /* PBXTargetDependency */ = {
			isa = PBXTargetDependency;
			target = 83D1F4422BB1C30400A611A5 /* ibvn */;
			targetProxy = 83D1F45E2BB1C30700A611A5 /* PBXContainerItemProxy */;
		};
/* End PBXTargetDependency section */

/* Begin XCBuildConfiguration section */
		83D1F4652BB1C30700A611A5 /* Debug */ = {
			isa = XCBuildConfiguration;
			buildSettings = {
				ALWAYS_SEARCH_USER_PATHS = NO;
				ASSETCATALOG_COMPILER_GENERATE_SWIFT_ASSET_SYMBOL_EXTENSIONS = YES;
				CLANG_ANALYZER_NONNULL = YES;
				CLANG_ANALYZER_NUMBER_OBJECT_CONVERSION = YES_AGGRESSIVE;
				CLANG_CXX_LANGUAGE_STANDARD = "gnu++20";
				CLANG_ENABLE_MODULES = YES;
				CLANG_ENABLE_OBJC_ARC = YES;
				CLANG_ENABLE_OBJC_WEAK = YES;
				CLANG_WARN_BLOCK_CAPTURE_AUTORELEASING = YES;
				CLANG_WARN_BOOL_CONVERSION = YES;
				CLANG_WARN_COMMA = YES;
				CLANG_WARN_CONSTANT_CONVERSION = YES;
				CLANG_WARN_DEPRECATED_OBJC_IMPLEMENTATIONS = YES;
				CLANG_WARN_DIRECT_OBJC_ISA_USAGE = YES_ERROR;
				CLANG_WARN_DOCUMENTATION_COMMENTS = YES;
				CLANG_WARN_EMPTY_BODY = YES;
				CLANG_WARN_ENUM_CONVERSION = YES;
				CLANG_WARN_INFINITE_RECURSION = YES;
				CLANG_WARN_INT_CONVERSION = YES;
				CLANG_WARN_NON_LITERAL_NULL_CONVERSION = YES;
				CLANG_WARN_OBJC_IMPLICIT_RETAIN_SELF = YES;
				CLANG_WARN_OBJC_LITERAL_CONVERSION = YES;
				CLANG_WARN_OBJC_ROOT_CLASS = YES_ERROR;
				CLANG_WARN_QUOTED_INCLUDE_IN_FRAMEWORK_HEADER = YES;
				CLANG_WARN_RANGE_LOOP_ANALYSIS = YES;
				CLANG_WARN_STRICT_PROTOTYPES = YES;
				CLANG_WARN_SUSPICIOUS_MOVE = YES;
				CLANG_WARN_UNGUARDED_AVAILABILITY = YES_AGGRESSIVE;
				CLANG_WARN_UNREACHABLE_CODE = YES;
				CLANG_WARN__DUPLICATE_METHOD_MATCH = YES;
				COPY_PHASE_STRIP = NO;
				DEBUG_INFORMATION_FORMAT = dwarf;
				ENABLE_STRICT_OBJC_MSGSEND = YES;
				ENABLE_TESTABILITY = YES;
				ENABLE_USER_SCRIPT_SANDBOXING = YES;
				GCC_C_LANGUAGE_STANDARD = gnu17;
				GCC_DYNAMIC_NO_PIC = NO;
				GCC_NO_COMMON_BLOCKS = YES;
				GCC_OPTIMIZATION_LEVEL = 0;
				GCC_PREPROCESSOR_DEFINITIONS = (
					"DEBUG=1",
					"$(inherited)",
				);
				GCC_WARN_64_TO_32_BIT_CONVERSION = YES;
				GCC_WARN_ABOUT_RETURN_TYPE = YES_ERROR;
				GCC_WARN_UNDECLARED_SELECTOR = YES;
				GCC_WARN_UNINITIALIZED_AUTOS = YES_AGGRESSIVE;
				GCC_WARN_UNUSED_FUNCTION = YES;
				GCC_WARN_UNUSED_VARIABLE = YES;
				IPHONEOS_DEPLOYMENT_TARGET = 15.0;
				LOCALIZATION_PREFERS_STRING_CATALOGS = YES;
				MTL_ENABLE_DEBUG_INFO = INCLUDE_SOURCE;
				MTL_FAST_MATH = YES;
				ONLY_ACTIVE_ARCH = YES;
				SDKROOT = iphoneos;
				SWIFT_ACTIVE_COMPILATION_CONDITIONS = "DEBUG $(inherited)";
				SWIFT_OPTIMIZATION_LEVEL = "-Onone";
			};
			name = Debug;
		};
		83D1F4662BB1C30700A611A5 /* Release */ = {
			isa = XCBuildConfiguration;
			buildSettings = {
				ALWAYS_SEARCH_USER_PATHS = NO;
				ASSETCATALOG_COMPILER_GENERATE_SWIFT_ASSET_SYMBOL_EXTENSIONS = YES;
				CLANG_ANALYZER_NONNULL = YES;
				CLANG_ANALYZER_NUMBER_OBJECT_CONVERSION = YES_AGGRESSIVE;
				CLANG_CXX_LANGUAGE_STANDARD = "gnu++20";
				CLANG_ENABLE_MODULES = YES;
				CLANG_ENABLE_OBJC_ARC = YES;
				CLANG_ENABLE_OBJC_WEAK = YES;
				CLANG_WARN_BLOCK_CAPTURE_AUTORELEASING = YES;
				CLANG_WARN_BOOL_CONVERSION = YES;
				CLANG_WARN_COMMA = YES;
				CLANG_WARN_CONSTANT_CONVERSION = YES;
				CLANG_WARN_DEPRECATED_OBJC_IMPLEMENTATIONS = YES;
				CLANG_WARN_DIRECT_OBJC_ISA_USAGE = YES_ERROR;
				CLANG_WARN_DOCUMENTATION_COMMENTS = YES;
				CLANG_WARN_EMPTY_BODY = YES;
				CLANG_WARN_ENUM_CONVERSION = YES;
				CLANG_WARN_INFINITE_RECURSION = YES;
				CLANG_WARN_INT_CONVERSION = YES;
				CLANG_WARN_NON_LITERAL_NULL_CONVERSION = YES;
				CLANG_WARN_OBJC_IMPLICIT_RETAIN_SELF = YES;
				CLANG_WARN_OBJC_LITERAL_CONVERSION = YES;
				CLANG_WARN_OBJC_ROOT_CLASS = YES_ERROR;
				CLANG_WARN_QUOTED_INCLUDE_IN_FRAMEWORK_HEADER = YES;
				CLANG_WARN_RANGE_LOOP_ANALYSIS = YES;
				CLANG_WARN_STRICT_PROTOTYPES = YES;
				CLANG_WARN_SUSPICIOUS_MOVE = YES;
				CLANG_WARN_UNGUARDED_AVAILABILITY = YES_AGGRESSIVE;
				CLANG_WARN_UNREACHABLE_CODE = YES;
				CLANG_WARN__DUPLICATE_METHOD_MATCH = YES;
				COPY_PHASE_STRIP = NO;
				DEBUG_INFORMATION_FORMAT = "dwarf-with-dsym";
				ENABLE_NS_ASSERTIONS = NO;
				ENABLE_STRICT_OBJC_MSGSEND = YES;
				ENABLE_USER_SCRIPT_SANDBOXING = YES;
				GCC_C_LANGUAGE_STANDARD = gnu17;
				GCC_NO_COMMON_BLOCKS = YES;
				GCC_WARN_64_TO_32_BIT_CONVERSION = YES;
				GCC_WARN_ABOUT_RETURN_TYPE = YES_ERROR;
				GCC_WARN_UNDECLARED_SELECTOR = YES;
				GCC_WARN_UNINITIALIZED_AUTOS = YES_AGGRESSIVE;
				GCC_WARN_UNUSED_FUNCTION = YES;
				GCC_WARN_UNUSED_VARIABLE = YES;
				IPHONEOS_DEPLOYMENT_TARGET = 15.0;
				LOCALIZATION_PREFERS_STRING_CATALOGS = YES;
				MTL_ENABLE_DEBUG_INFO = NO;
				MTL_FAST_MATH = YES;
				SDKROOT = iphoneos;
				SWIFT_COMPILATION_MODE = wholemodule;
				VALIDATE_PRODUCT = YES;
			};
			name = Release;
		};
		83D1F4682BB1C30700A611A5 /* Debug */ = {
			isa = XCBuildConfiguration;
			buildSettings = {
				ASSETCATALOG_COMPILER_APPICON_NAME = AppIcon;
				ASSETCATALOG_COMPILER_GLOBAL_ACCENT_COLOR_NAME = AccentColor;
				CODE_SIGN_IDENTITY = "Apple Development";
				CODE_SIGN_STYLE = Automatic;
				CURRENT_PROJECT_VERSION = 1;
				DEVELOPMENT_ASSET_PATHS = "\"ibvn/Preview Content\"";
				DEVELOPMENT_TEAM = PPMH8RM668;
				ENABLE_PREVIEWS = YES;
				ENABLE_USER_SCRIPT_SANDBOXING = NO;
				GENERATE_INFOPLIST_FILE = YES;
				INFOPLIST_FILE = ibvn/Info.plist;
				INFOPLIST_KEY_UIApplicationSceneManifest_Generation = YES;
				INFOPLIST_KEY_UIApplicationSupportsIndirectInputEvents = YES;
				INFOPLIST_KEY_UILaunchScreen_Generation = YES;
				INFOPLIST_KEY_UIStatusBarStyle = UIStatusBarStyleDarkContent;
				INFOPLIST_KEY_UISupportedInterfaceOrientations = UIInterfaceOrientationPortrait;
				INFOPLIST_KEY_UISupportedInterfaceOrientations_iPad = "UIInterfaceOrientationLandscapeLeft UIInterfaceOrientationLandscapeRight UIInterfaceOrientationPortrait UIInterfaceOrientationPortraitUpsideDown";
				IPHONEOS_DEPLOYMENT_TARGET = 16.6;
				LD_RUNPATH_SEARCH_PATHS = (
					"$(inherited)",
					"@executable_path/Frameworks",
				);
				MARKETING_VERSION = 1.0;
				PRODUCT_BUNDLE_IDENTIFIER = jmletona.ibvn;
				PRODUCT_NAME = "$(TARGET_NAME)";
				PROVISIONING_PROFILE_SPECIFIER = "";
				SWIFT_EMIT_LOC_STRINGS = YES;
				SWIFT_VERSION = 5.0;
				TARGETED_DEVICE_FAMILY = "1,2";
			};
			name = Debug;
		};
		83D1F4692BB1C30700A611A5 /* Release */ = {
			isa = XCBuildConfiguration;
			buildSettings = {
				ASSETCATALOG_COMPILER_APPICON_NAME = AppIcon;
				ASSETCATALOG_COMPILER_GLOBAL_ACCENT_COLOR_NAME = AccentColor;
				CODE_SIGN_STYLE = Automatic;
				CURRENT_PROJECT_VERSION = 1;
				DEVELOPMENT_ASSET_PATHS = "\"ibvn/Preview Content\"";
				DEVELOPMENT_TEAM = PPMH8RM668;
				ENABLE_PREVIEWS = YES;
				ENABLE_USER_SCRIPT_SANDBOXING = NO;
				GENERATE_INFOPLIST_FILE = YES;
				INFOPLIST_FILE = ibvn/Info.plist;
				INFOPLIST_KEY_UIApplicationSceneManifest_Generation = YES;
				INFOPLIST_KEY_UIApplicationSupportsIndirectInputEvents = YES;
				INFOPLIST_KEY_UILaunchScreen_Generation = YES;
				INFOPLIST_KEY_UIStatusBarStyle = UIStatusBarStyleDarkContent;
				INFOPLIST_KEY_UISupportedInterfaceOrientations = UIInterfaceOrientationPortrait;
				INFOPLIST_KEY_UISupportedInterfaceOrientations_iPad = "UIInterfaceOrientationLandscapeLeft UIInterfaceOrientationLandscapeRight UIInterfaceOrientationPortrait UIInterfaceOrientationPortraitUpsideDown";
				IPHONEOS_DEPLOYMENT_TARGET = 16.6;
				LD_RUNPATH_SEARCH_PATHS = (
					"$(inherited)",
					"@executable_path/Frameworks",
				);
				MARKETING_VERSION = 1.0;
				PRODUCT_BUNDLE_IDENTIFIER = jmletona.ibvn;
				PRODUCT_NAME = "$(TARGET_NAME)";
				SWIFT_EMIT_LOC_STRINGS = YES;
				SWIFT_VERSION = 5.0;
				TARGETED_DEVICE_FAMILY = "1,2";
			};
			name = Release;
		};
		83D1F46B2BB1C30700A611A5 /* Debug */ = {
			isa = XCBuildConfiguration;
			buildSettings = {
				ALWAYS_EMBED_SWIFT_STANDARD_LIBRARIES = YES;
				BUNDLE_LOADER = "$(TEST_HOST)";
				CODE_SIGN_STYLE = Automatic;
				CURRENT_PROJECT_VERSION = 1;
				GENERATE_INFOPLIST_FILE = YES;
				IPHONEOS_DEPLOYMENT_TARGET = 17.2;
				MARKETING_VERSION = 1.0;
				PRODUCT_BUNDLE_IDENTIFIER = jmletona.ibvnTests;
				PRODUCT_NAME = "$(TARGET_NAME)";
				SWIFT_EMIT_LOC_STRINGS = NO;
				SWIFT_VERSION = 5.0;
				TARGETED_DEVICE_FAMILY = "1,2";
				TEST_HOST = "$(BUILT_PRODUCTS_DIR)/ibvn.app/$(BUNDLE_EXECUTABLE_FOLDER_PATH)/ibvn";
			};
			name = Debug;
		};
		83D1F46C2BB1C30700A611A5 /* Release */ = {
			isa = XCBuildConfiguration;
			buildSettings = {
				ALWAYS_EMBED_SWIFT_STANDARD_LIBRARIES = YES;
				BUNDLE_LOADER = "$(TEST_HOST)";
				CODE_SIGN_STYLE = Automatic;
				CURRENT_PROJECT_VERSION = 1;
				GENERATE_INFOPLIST_FILE = YES;
				IPHONEOS_DEPLOYMENT_TARGET = 17.2;
				MARKETING_VERSION = 1.0;
				PRODUCT_BUNDLE_IDENTIFIER = jmletona.ibvnTests;
				PRODUCT_NAME = "$(TARGET_NAME)";
				SWIFT_EMIT_LOC_STRINGS = NO;
				SWIFT_VERSION = 5.0;
				TARGETED_DEVICE_FAMILY = "1,2";
				TEST_HOST = "$(BUILT_PRODUCTS_DIR)/ibvn.app/$(BUNDLE_EXECUTABLE_FOLDER_PATH)/ibvn";
			};
			name = Release;
		};
		83D1F46E2BB1C30700A611A5 /* Debug */ = {
			isa = XCBuildConfiguration;
			buildSettings = {
				ALWAYS_EMBED_SWIFT_STANDARD_LIBRARIES = YES;
				CODE_SIGN_STYLE = Automatic;
				CURRENT_PROJECT_VERSION = 1;
				DEVELOPMENT_TEAM = PPMH8RM668;
				GENERATE_INFOPLIST_FILE = YES;
				MARKETING_VERSION = 1.0;
				PRODUCT_BUNDLE_IDENTIFIER = jmletona.ibvnUITests;
				PRODUCT_NAME = "$(TARGET_NAME)";
				SWIFT_EMIT_LOC_STRINGS = NO;
				SWIFT_VERSION = 5.0;
				TARGETED_DEVICE_FAMILY = "1,2";
				TEST_TARGET_NAME = ibvn;
			};
			name = Debug;
		};
		83D1F46F2BB1C30700A611A5 /* Release */ = {
			isa = XCBuildConfiguration;
			buildSettings = {
				ALWAYS_EMBED_SWIFT_STANDARD_LIBRARIES = YES;
				CODE_SIGN_STYLE = Automatic;
				CURRENT_PROJECT_VERSION = 1;
				GENERATE_INFOPLIST_FILE = YES;
				MARKETING_VERSION = 1.0;
				PRODUCT_BUNDLE_IDENTIFIER = jmletona.ibvnUITests;
				PRODUCT_NAME = "$(TARGET_NAME)";
				SWIFT_EMIT_LOC_STRINGS = NO;
				SWIFT_VERSION = 5.0;
				TARGETED_DEVICE_FAMILY = "1,2";
				TEST_TARGET_NAME = ibvn;
			};
			name = Release;
		};
/* End XCBuildConfiguration section */

/* Begin XCConfigurationList section */
		83D1F43E2BB1C30400A611A5 /* Build configuration list for PBXProject "ibvn" */ = {
			isa = XCConfigurationList;
			buildConfigurations = (
				83D1F4652BB1C30700A611A5 /* Debug */,
				83D1F4662BB1C30700A611A5 /* Release */,
			);
			defaultConfigurationIsVisible = 0;
			defaultConfigurationName = Release;
		};
		83D1F4672BB1C30700A611A5 /* Build configuration list for PBXNativeTarget "ibvn" */ = {
			isa = XCConfigurationList;
			buildConfigurations = (
				83D1F4682BB1C30700A611A5 /* Debug */,
				83D1F4692BB1C30700A611A5 /* Release */,
			);
			defaultConfigurationIsVisible = 0;
			defaultConfigurationName = Release;
		};
		83D1F46A2BB1C30700A611A5 /* Build configuration list for PBXNativeTarget "ibvnTests" */ = {
			isa = XCConfigurationList;
			buildConfigurations = (
				83D1F46B2BB1C30700A611A5 /* Debug */,
				83D1F46C2BB1C30700A611A5 /* Release */,
			);
			defaultConfigurationIsVisible = 0;
			defaultConfigurationName = Release;
		};
		83D1F46D2BB1C30700A611A5 /* Build configuration list for PBXNativeTarget "ibvnUITests" */ = {
			isa = XCConfigurationList;
			buildConfigurations = (
				83D1F46E2BB1C30700A611A5 /* Debug */,
				83D1F46F2BB1C30700A611A5 /* Release */,
			);
			defaultConfigurationIsVisible = 0;
			defaultConfigurationName = Release;
		};
/* End XCConfigurationList section */

/* Begin XCRemoteSwiftPackageReference section */
		83386E562BB24EA900E6BDE4 /* XCRemoteSwiftPackageReference "youtube-ios-player-helper" */ = {
			isa = XCRemoteSwiftPackageReference;
			repositoryURL = "https://github.com/youtube/youtube-ios-player-helper";
			requirement = {
				kind = upToNextMajorVersion;
				minimumVersion = 1.0.4;
			};
		};
		8371D6A52BCAF2910010EB85 /* XCRemoteSwiftPackageReference "Moya" */ = {
			isa = XCRemoteSwiftPackageReference;
			repositoryURL = "https://github.com/Moya/Moya.git";
			requirement = {
				kind = upToNextMajorVersion;
				minimumVersion = 15.0.3;
			};
		};
		83A8D4532BC20C0B00EFAD3B /* XCRemoteSwiftPackageReference "firebase-ios-sdk" */ = {
			isa = XCRemoteSwiftPackageReference;
			repositoryURL = "https://github.com/firebase/firebase-ios-sdk";
			requirement = {
				kind = upToNextMajorVersion;
				minimumVersion = 10.23.1;
			};
		};
/* End XCRemoteSwiftPackageReference section */

/* Begin XCSwiftPackageProductDependency section */
		83386E572BB24EA900E6BDE4 /* YouTubeiOSPlayerHelper */ = {
			isa = XCSwiftPackageProductDependency;
			package = 83386E562BB24EA900E6BDE4 /* XCRemoteSwiftPackageReference "youtube-ios-player-helper" */;
			productName = YouTubeiOSPlayerHelper;
		};
		8371D6A62BCAF2910010EB85 /* CombineMoya */ = {
			isa = XCSwiftPackageProductDependency;
			package = 8371D6A52BCAF2910010EB85 /* XCRemoteSwiftPackageReference "Moya" */;
			productName = CombineMoya;
		};
		8371D6A82BCAF2910010EB85 /* Moya */ = {
			isa = XCSwiftPackageProductDependency;
			package = 8371D6A52BCAF2910010EB85 /* XCRemoteSwiftPackageReference "Moya" */;
			productName = Moya;
		};
		8371D6AA2BCAF2910010EB85 /* ReactiveMoya */ = {
			isa = XCSwiftPackageProductDependency;
			package = 8371D6A52BCAF2910010EB85 /* XCRemoteSwiftPackageReference "Moya" */;
			productName = ReactiveMoya;
		};
		8371D6AC2BCAF2910010EB85 /* RxMoya */ = {
			isa = XCSwiftPackageProductDependency;
			package = 8371D6A52BCAF2910010EB85 /* XCRemoteSwiftPackageReference "Moya" */;
			productName = RxMoya;
		};
		838501652D4B179E008A49E2 /* FirebaseAuth */ = {
			isa = XCSwiftPackageProductDependency;
			package = 83A8D4532BC20C0B00EFAD3B /* XCRemoteSwiftPackageReference "firebase-ios-sdk" */;
			productName = FirebaseAuth;
		};
		83A8D4542BC20C0B00EFAD3B /* FirebaseAnalytics */ = {
			isa = XCSwiftPackageProductDependency;
			package = 83A8D4532BC20C0B00EFAD3B /* XCRemoteSwiftPackageReference "firebase-ios-sdk" */;
			productName = FirebaseAnalytics;
		};
		83A8D4562BC20C0B00EFAD3B /* FirebaseAnalyticsOnDeviceConversion */ = {
			isa = XCSwiftPackageProductDependency;
			package = 83A8D4532BC20C0B00EFAD3B /* XCRemoteSwiftPackageReference "firebase-ios-sdk" */;
			productName = FirebaseAnalyticsOnDeviceConversion;
		};
		83A8D4582BC20C0B00EFAD3B /* FirebaseAnalyticsSwift */ = {
			isa = XCSwiftPackageProductDependency;
			package = 83A8D4532BC20C0B00EFAD3B /* XCRemoteSwiftPackageReference "firebase-ios-sdk" */;
			productName = FirebaseAnalyticsSwift;
		};
		83A8D45A2BC20C0B00EFAD3B /* FirebaseAnalyticsWithoutAdIdSupport */ = {
			isa = XCSwiftPackageProductDependency;
			package = 83A8D4532BC20C0B00EFAD3B /* XCRemoteSwiftPackageReference "firebase-ios-sdk" */;
			productName = FirebaseAnalyticsWithoutAdIdSupport;
		};
		83A8D45C2BC20C0B00EFAD3B /* FirebaseAppCheck */ = {
			isa = XCSwiftPackageProductDependency;
			package = 83A8D4532BC20C0B00EFAD3B /* XCRemoteSwiftPackageReference "firebase-ios-sdk" */;
			productName = FirebaseAppCheck;
		};
		83A8D4612BC20ED100EFAD3B /* FirebaseFirestore */ = {
			isa = XCSwiftPackageProductDependency;
			package = 83A8D4532BC20C0B00EFAD3B /* XCRemoteSwiftPackageReference "firebase-ios-sdk" */;
			productName = FirebaseFirestore;
		};
		83A8D4632BC20EDA00EFAD3B /* FirebaseFirestoreSwift */ = {
			isa = XCSwiftPackageProductDependency;
			package = 83A8D4532BC20C0B00EFAD3B /* XCRemoteSwiftPackageReference "firebase-ios-sdk" */;
			productName = FirebaseFirestoreSwift;
		};
/* End XCSwiftPackageProductDependency section */
	};
	rootObject = 83D1F43B2BB1C30400A611A5 /* Project object */;
}
