// !$*UTF8*$!
{
	archiveVersion = 1;
	classes = {
	};
	objectVersion = 56;
	objects = {

/* Begin PBXBuildFile section */
		8315C84A2BBCCD9B002186E9 /* YouTubeVideoView.swift in Sources */ = {isa = PBXBuildFile; fileRef = 8315C8492BBCCD9B002186E9 /* YouTubeVideoView.swift */; };
		8315C84C2BBCD004002186E9 /* YouTubeVideoListView.swift in Sources */ = {isa = PBXBuildFile; fileRef = 8315C84B2BBCD004002186E9 /* YouTubeVideoListView.swift */; };
		83386E552BB24E2E00E6BDE4 /* SundayPreachesView.swift in Sources */ = {isa = PBXBuildFile; fileRef = 83386E542BB24E2E00E6BDE4 /* SundayPreachesView.swift */; };
		83386E582BB24EA900E6BDE4 /* YouTubeiOSPlayerHelper in Frameworks */ = {isa = PBXBuildFile; productRef = 83386E572BB24EA900E6BDE4 /* YouTubeiOSPlayerHelper */; };
		83891C3A2BB6229F002CBE99 /* YouTubePlayer.swift in Sources */ = {isa = PBXBuildFile; fileRef = 83891C392BB6229F002CBE99 /* YouTubePlayer.swift */; };
		83891C3D2BB62EDC002CBE99 /* Constants.swift in Sources */ = {isa = PBXBuildFile; fileRef = 83891C3C2BB62EDC002CBE99 /* Constants.swift */; };
		838DBAA32BB5D76900DB1591 /* NDVView.swift in Sources */ = {isa = PBXBuildFile; fileRef = 838DBAA22BB5D76900DB1591 /* NDVView.swift */; };
		838DBAA52BB5D77700DB1591 /* NDVViewModel.swift in Sources */ = {isa = PBXBuildFile; fileRef = 838DBAA42BB5D77700DB1591 /* NDVViewModel.swift */; };
		838DBAA72BB5DAE600DB1591 /* NocheDeViernes.json in Resources */ = {isa = PBXBuildFile; fileRef = 838DBAA62BB5DAE600DB1591 /* NocheDeViernes.json */; };
		838DBAB12BB5F06F00DB1591 /* View+Extensions.swift in Sources */ = {isa = PBXBuildFile; fileRef = 838DBAB02BB5F06F00DB1591 /* View+Extensions.swift */; };
		839BDCCA2BBD390500DE4442 /* ViewModifier.swift in Sources */ = {isa = PBXBuildFile; fileRef = 839BDCC92BBD390500DE4442 /* ViewModifier.swift */; };
		839DBA572BB3C71800E2B77F /* SundayPreaches.json in Resources */ = {isa = PBXBuildFile; fileRef = 839DBA562BB3C71800E2B77F /* SundayPreaches.json */; };
		839DBA5A2BB3D4DB00E2B77F /* String+Extensions.swift in Sources */ = {isa = PBXBuildFile; fileRef = 839DBA592BB3D4DB00E2B77F /* String+Extensions.swift */; };
		83D182BF2BB552D00097A4D9 /* ElRetoDeHoyVideosView.swift in Sources */ = {isa = PBXBuildFile; fileRef = 83D182BE2BB552D00097A4D9 /* ElRetoDeHoyVideosView.swift */; };
		83D182C12BB552E00097A4D9 /* ElRetoDeHoyVideosViewModel.swift in Sources */ = {isa = PBXBuildFile; fileRef = 83D182C02BB552E00097A4D9 /* ElRetoDeHoyVideosViewModel.swift */; };
		83D182C52BB5554A0097A4D9 /* ElRetoDeHoyVideos.json in Resources */ = {isa = PBXBuildFile; fileRef = 83D182C42BB5554A0097A4D9 /* ElRetoDeHoyVideos.json */; };
		83D182C72BB5576F0097A4D9 /* YoutubeListVideos.swift in Sources */ = {isa = PBXBuildFile; fileRef = 83D182C62BB5576F0097A4D9 /* YoutubeListVideos.swift */; };
		83D182CA2BB55EA90097A4D9 /* TabBarView.swift in Sources */ = {isa = PBXBuildFile; fileRef = 83D182C92BB55EA90097A4D9 /* TabBarView.swift */; };
		83D1F4472BB1C30400A611A5 /* IbvnApp.swift in Sources */ = {isa = PBXBuildFile; fileRef = 83D1F4462BB1C30400A611A5 /* IbvnApp.swift */; };
		83D1F44B2BB1C30600A611A5 /* Assets.xcassets in Resources */ = {isa = PBXBuildFile; fileRef = 83D1F44A2BB1C30600A611A5 /* Assets.xcassets */; };
		83D1F44E2BB1C30600A611A5 /* Preview Assets.xcassets in Resources */ = {isa = PBXBuildFile; fileRef = 83D1F44D2BB1C30600A611A5 /* Preview Assets.xcassets */; };
		83D1F4582BB1C30700A611A5 /* IbvnTests.swift in Sources */ = {isa = PBXBuildFile; fileRef = 83D1F4572BB1C30700A611A5 /* IbvnTests.swift */; };
		83D1F4622BB1C30700A611A5 /* IbvnUITests.swift in Sources */ = {isa = PBXBuildFile; fileRef = 83D1F4612BB1C30700A611A5 /* IbvnUITests.swift */; };
		83D1F4642BB1C30700A611A5 /* IbvnUITestsLaunchTests.swift in Sources */ = {isa = PBXBuildFile; fileRef = 83D1F4632BB1C30700A611A5 /* IbvnUITestsLaunchTests.swift */; };
		83E980852BB533BF00BF0094 /* YouTubeSeach.swift in Sources */ = {isa = PBXBuildFile; fileRef = 83E980842BB533BF00BF0094 /* YouTubeSeach.swift */; };
		83E980872BB5388000BF0094 /* ElRetoDeHoyLists.json in Resources */ = {isa = PBXBuildFile; fileRef = 83E980862BB5388000BF0094 /* ElRetoDeHoyLists.json */; };
		83E980892BB53AE000BF0094 /* YouTubeList.swift in Sources */ = {isa = PBXBuildFile; fileRef = 83E980882BB53AE000BF0094 /* YouTubeList.swift */; };
		83E9808C2BB5414200BF0094 /* ElRetoDeHoyListView.swift in Sources */ = {isa = PBXBuildFile; fileRef = 83E9808B2BB5414200BF0094 /* ElRetoDeHoyListView.swift */; };
		83E9808E2BB5415400BF0094 /* ElRetoDeHoyListViewModel.swift in Sources */ = {isa = PBXBuildFile; fileRef = 83E9808D2BB5415400BF0094 /* ElRetoDeHoyListViewModel.swift */; };
		83E980902BB54F8000BF0094 /* Image+Extensions.swift in Sources */ = {isa = PBXBuildFile; fileRef = 83E9808F2BB54F8000BF0094 /* Image+Extensions.swift */; };
		83FF6A262BB3083A00E3B4DF /* SundayPreachesViewModel.swift in Sources */ = {isa = PBXBuildFile; fileRef = 83FF6A252BB3083900E3B4DF /* SundayPreachesViewModel.swift */; };
/* End PBXBuildFile section */

/* Begin PBXContainerItemProxy section */
		83D1F4542BB1C30700A611A5 /* PBXContainerItemProxy */ = {
			isa = PBXContainerItemProxy;
			containerPortal = 83D1F43B2BB1C30400A611A5 /* Project object */;
			proxyType = 1;
			remoteGlobalIDString = 83D1F4422BB1C30400A611A5;
			remoteInfo = ibvn;
		};
		83D1F45E2BB1C30700A611A5 /* PBXContainerItemProxy */ = {
			isa = PBXContainerItemProxy;
			containerPortal = 83D1F43B2BB1C30400A611A5 /* Project object */;
			proxyType = 1;
			remoteGlobalIDString = 83D1F4422BB1C30400A611A5;
			remoteInfo = ibvn;
		};
/* End PBXContainerItemProxy section */

/* Begin PBXFileReference section */
		8315C8492BBCCD9B002186E9 /* YouTubeVideoView.swift */ = {isa = PBXFileReference; lastKnownFileType = sourcecode.swift; path = YouTubeVideoView.swift; sourceTree = "<group>"; };
		8315C84B2BBCD004002186E9 /* YouTubeVideoListView.swift */ = {isa = PBXFileReference; lastKnownFileType = sourcecode.swift; path = YouTubeVideoListView.swift; sourceTree = "<group>"; };
		83386E542BB24E2E00E6BDE4 /* SundayPreachesView.swift */ = {isa = PBXFileReference; lastKnownFileType = sourcecode.swift; path = SundayPreachesView.swift; sourceTree = "<group>"; };
		83891C392BB6229F002CBE99 /* YouTubePlayer.swift */ = {isa = PBXFileReference; lastKnownFileType = sourcecode.swift; path = YouTubePlayer.swift; sourceTree = "<group>"; };
		83891C3C2BB62EDC002CBE99 /* Constants.swift */ = {isa = PBXFileReference; lastKnownFileType = sourcecode.swift; path = Constants.swift; sourceTree = "<group>"; };
		838DBAA22BB5D76900DB1591 /* NDVView.swift */ = {isa = PBXFileReference; lastKnownFileType = sourcecode.swift; path = NDVView.swift; sourceTree = "<group>"; };
		838DBAA42BB5D77700DB1591 /* NDVViewModel.swift */ = {isa = PBXFileReference; lastKnownFileType = sourcecode.swift; path = NDVViewModel.swift; sourceTree = "<group>"; };
		838DBAA62BB5DAE600DB1591 /* NocheDeViernes.json */ = {isa = PBXFileReference; lastKnownFileType = text.json; path = NocheDeViernes.json; sourceTree = "<group>"; };
		838DBAB02BB5F06F00DB1591 /* View+Extensions.swift */ = {isa = PBXFileReference; lastKnownFileType = sourcecode.swift; path = "View+Extensions.swift"; sourceTree = "<group>"; };
		839BDCC92BBD390500DE4442 /* ViewModifier.swift */ = {isa = PBXFileReference; lastKnownFileType = sourcecode.swift; path = ViewModifier.swift; sourceTree = "<group>"; };
		839DBA562BB3C71800E2B77F /* SundayPreaches.json */ = {isa = PBXFileReference; lastKnownFileType = text.json; path = SundayPreaches.json; sourceTree = "<group>"; };
		839DBA592BB3D4DB00E2B77F /* String+Extensions.swift */ = {isa = PBXFileReference; lastKnownFileType = sourcecode.swift; path = "String+Extensions.swift"; sourceTree = "<group>"; };
		83D182BE2BB552D00097A4D9 /* ElRetoDeHoyVideosView.swift */ = {isa = PBXFileReference; lastKnownFileType = sourcecode.swift; path = ElRetoDeHoyVideosView.swift; sourceTree = "<group>"; };
		83D182C02BB552E00097A4D9 /* ElRetoDeHoyVideosViewModel.swift */ = {isa = PBXFileReference; lastKnownFileType = sourcecode.swift; path = ElRetoDeHoyVideosViewModel.swift; sourceTree = "<group>"; };
		83D182C42BB5554A0097A4D9 /* ElRetoDeHoyVideos.json */ = {isa = PBXFileReference; lastKnownFileType = text.json; path = ElRetoDeHoyVideos.json; sourceTree = "<group>"; };
		83D182C62BB5576F0097A4D9 /* YoutubeListVideos.swift */ = {isa = PBXFileReference; lastKnownFileType = sourcecode.swift; path = YoutubeListVideos.swift; sourceTree = "<group>"; };
		83D182C92BB55EA90097A4D9 /* TabBarView.swift */ = {isa = PBXFileReference; lastKnownFileType = sourcecode.swift; path = TabBarView.swift; sourceTree = "<group>"; };
		83D1F4432BB1C30400A611A5 /* ibvn.app */ = {isa = PBXFileReference; explicitFileType = wrapper.application; includeInIndex = 0; path = ibvn.app; sourceTree = BUILT_PRODUCTS_DIR; };
		83D1F4462BB1C30400A611A5 /* IbvnApp.swift */ = {isa = PBXFileReference; lastKnownFileType = sourcecode.swift; path = IbvnApp.swift; sourceTree = "<group>"; };
		83D1F44A2BB1C30600A611A5 /* Assets.xcassets */ = {isa = PBXFileReference; lastKnownFileType = folder.assetcatalog; path = Assets.xcassets; sourceTree = "<group>"; };
		83D1F44D2BB1C30600A611A5 /* Preview Assets.xcassets */ = {isa = PBXFileReference; lastKnownFileType = folder.assetcatalog; path = "Preview Assets.xcassets"; sourceTree = "<group>"; };
		83D1F4532BB1C30700A611A5 /* ibvnTests.xctest */ = {isa = PBXFileReference; explicitFileType = wrapper.cfbundle; includeInIndex = 0; path = ibvnTests.xctest; sourceTree = BUILT_PRODUCTS_DIR; };
		83D1F4572BB1C30700A611A5 /* IbvnTests.swift */ = {isa = PBXFileReference; lastKnownFileType = sourcecode.swift; path = IbvnTests.swift; sourceTree = "<group>"; };
		83D1F45D2BB1C30700A611A5 /* ibvnUITests.xctest */ = {isa = PBXFileReference; explicitFileType = wrapper.cfbundle; includeInIndex = 0; path = ibvnUITests.xctest; sourceTree = BUILT_PRODUCTS_DIR; };
		83D1F4612BB1C30700A611A5 /* IbvnUITests.swift */ = {isa = PBXFileReference; lastKnownFileType = sourcecode.swift; path = IbvnUITests.swift; sourceTree = "<group>"; };
		83D1F4632BB1C30700A611A5 /* IbvnUITestsLaunchTests.swift */ = {isa = PBXFileReference; lastKnownFileType = sourcecode.swift; path = IbvnUITestsLaunchTests.swift; sourceTree = "<group>"; };
		83E980842BB533BF00BF0094 /* YouTubeSeach.swift */ = {isa = PBXFileReference; lastKnownFileType = sourcecode.swift; path = YouTubeSeach.swift; sourceTree = "<group>"; };
		83E980862BB5388000BF0094 /* ElRetoDeHoyLists.json */ = {isa = PBXFileReference; lastKnownFileType = text.json; path = ElRetoDeHoyLists.json; sourceTree = "<group>"; };
		83E980882BB53AE000BF0094 /* YouTubeList.swift */ = {isa = PBXFileReference; lastKnownFileType = sourcecode.swift; path = YouTubeList.swift; sourceTree = "<group>"; };
		83E9808B2BB5414200BF0094 /* ElRetoDeHoyListView.swift */ = {isa = PBXFileReference; lastKnownFileType = sourcecode.swift; path = ElRetoDeHoyListView.swift; sourceTree = "<group>"; };
		83E9808D2BB5415400BF0094 /* ElRetoDeHoyListViewModel.swift */ = {isa = PBXFileReference; lastKnownFileType = sourcecode.swift; path = ElRetoDeHoyListViewModel.swift; sourceTree = "<group>"; };
		83E9808F2BB54F8000BF0094 /* Image+Extensions.swift */ = {isa = PBXFileReference; lastKnownFileType = sourcecode.swift; path = "Image+Extensions.swift"; sourceTree = "<group>"; };
		83FF6A252BB3083900E3B4DF /* SundayPreachesViewModel.swift */ = {isa = PBXFileReference; lastKnownFileType = sourcecode.swift; path = SundayPreachesViewModel.swift; sourceTree = "<group>"; };
/* End PBXFileReference section */

/* Begin PBXFrameworksBuildPhase section */
		83D1F4402BB1C30400A611A5 /* Frameworks */ = {
			isa = PBXFrameworksBuildPhase;
			buildActionMask = 2147483647;
			files = (
				83386E582BB24EA900E6BDE4 /* YouTubeiOSPlayerHelper in Frameworks */,
			);
			runOnlyForDeploymentPostprocessing = 0;
		};
		83D1F4502BB1C30700A611A5 /* Frameworks */ = {
			isa = PBXFrameworksBuildPhase;
			buildActionMask = 2147483647;
			files = (
			);
			runOnlyForDeploymentPostprocessing = 0;
		};
		83D1F45A2BB1C30700A611A5 /* Frameworks */ = {
			isa = PBXFrameworksBuildPhase;
			buildActionMask = 2147483647;
			files = (
			);
			runOnlyForDeploymentPostprocessing = 0;
		};
/* End PBXFrameworksBuildPhase section */

/* Begin PBXGroup section */
		8315C8472BBCCD6E002186E9 /* Common */ = {
			isa = PBXGroup;
			children = (
				8315C8482BBCCD81002186E9 /* YouTubeView */,
				83891C382BB62268002CBE99 /* YouTubePlayer */,
			);
			path = Common;
			sourceTree = "<group>";
		};
		8315C8482BBCCD81002186E9 /* YouTubeView */ = {
			isa = PBXGroup;
			children = (
				8315C8492BBCCD9B002186E9 /* YouTubeVideoView.swift */,
				8315C84B2BBCD004002186E9 /* YouTubeVideoListView.swift */,
			);
			path = YouTubeView;
			sourceTree = "<group>";
		};
		83891C382BB62268002CBE99 /* YouTubePlayer */ = {
			isa = PBXGroup;
			children = (
				83891C392BB6229F002CBE99 /* YouTubePlayer.swift */,
			);
			path = YouTubePlayer;
			sourceTree = "<group>";
		};
		83891C3B2BB62EC8002CBE99 /* Helper */ = {
			isa = PBXGroup;
			children = (
				839BDCCB2BBD3AC200DE4442 /* Modifiers */,
				839DBA582BB3D4C600E2B77F /* Extensions */,
				83891C3C2BB62EDC002CBE99 /* Constants.swift */,
			);
			path = Helper;
			sourceTree = "<group>";
		};
		838DBA9E2BB5D70900DB1591 /* NDV */ = {
			isa = PBXGroup;
			children = (
				838DBA9F2BB5D72200DB1591 /* LocalData */,
				838DBAA22BB5D76900DB1591 /* NDVView.swift */,
				838DBAA42BB5D77700DB1591 /* NDVViewModel.swift */,
			);
			path = NDV;
			sourceTree = "<group>";
		};
		838DBA9F2BB5D72200DB1591 /* LocalData */ = {
			isa = PBXGroup;
			children = (
				838DBAA62BB5DAE600DB1591 /* NocheDeViernes.json */,
			);
			path = LocalData;
			sourceTree = "<group>";
		};
		839BDCCB2BBD3AC200DE4442 /* Modifiers */ = {
			isa = PBXGroup;
			children = (
				839BDCC92BBD390500DE4442 /* ViewModifier.swift */,
			);
			path = Modifiers;
			sourceTree = "<group>";
		};
		839BDCCC2BBD3B3600DE4442 /* Modules */ = {
			isa = PBXGroup;
			children = (
				83D182C82BB55E110097A4D9 /* TabBar */,
				8315C8472BBCCD6E002186E9 /* Common */,
				83FF6A242BB3080D00E3B4DF /* SundayPreaches */,
				83E9808A2BB5412100BF0094 /* ElRetoDeHoy */,
				838DBA9E2BB5D70900DB1591 /* NDV */,
			);
			path = Modules;
			sourceTree = "<group>";
		};
		839DBA552BB3C6E900E2B77F /* LocalData */ = {
			isa = PBXGroup;
			children = (
				839DBA562BB3C71800E2B77F /* SundayPreaches.json */,
			);
			path = LocalData;
			sourceTree = "<group>";
		};
		839DBA582BB3D4C600E2B77F /* Extensions */ = {
			isa = PBXGroup;
			children = (
				839DBA592BB3D4DB00E2B77F /* String+Extensions.swift */,
				83E9808F2BB54F8000BF0094 /* Image+Extensions.swift */,
				838DBAB02BB5F06F00DB1591 /* View+Extensions.swift */,
			);
			path = Extensions;
			sourceTree = "<group>";
		};
		83D182BC2BB552770097A4D9 /* ElRetoDeHoyList */ = {
			isa = PBXGroup;
			children = (
				83E9808B2BB5414200BF0094 /* ElRetoDeHoyListView.swift */,
				83E9808D2BB5415400BF0094 /* ElRetoDeHoyListViewModel.swift */,
			);
			path = ElRetoDeHoyList;
			sourceTree = "<group>";
		};
		83D182BD2BB552A00097A4D9 /* ElRetoDeHoyVideos */ = {
			isa = PBXGroup;
			children = (
				83D182BE2BB552D00097A4D9 /* ElRetoDeHoyVideosView.swift */,
				83D182C02BB552E00097A4D9 /* ElRetoDeHoyVideosViewModel.swift */,
			);
			path = ElRetoDeHoyVideos;
			sourceTree = "<group>";
		};
		83D182C22BB553F40097A4D9 /* Model */ = {
			isa = PBXGroup;
			children = (
				83E980882BB53AE000BF0094 /* YouTubeList.swift */,
				83D182C62BB5576F0097A4D9 /* YoutubeListVideos.swift */,
			);
			path = Model;
			sourceTree = "<group>";
		};
		83D182C32BB5549A0097A4D9 /* LocalData */ = {
			isa = PBXGroup;
			children = (
				83E980862BB5388000BF0094 /* ElRetoDeHoyLists.json */,
				83D182C42BB5554A0097A4D9 /* ElRetoDeHoyVideos.json */,
			);
			path = LocalData;
			sourceTree = "<group>";
		};
		83D182C82BB55E110097A4D9 /* TabBar */ = {
			isa = PBXGroup;
			children = (
				83D182C92BB55EA90097A4D9 /* TabBarView.swift */,
			);
			path = TabBar;
			sourceTree = "<group>";
		};
		83D1F43A2BB1C30400A611A5 = {
			isa = PBXGroup;
			children = (
				83D1F4452BB1C30400A611A5 /* ibvn */,
				83D1F4562BB1C30700A611A5 /* ibvnTests */,
				83D1F4602BB1C30700A611A5 /* ibvnUITests */,
				83D1F4442BB1C30400A611A5 /* Products */,
			);
			sourceTree = "<group>";
		};
		83D1F4442BB1C30400A611A5 /* Products */ = {
			isa = PBXGroup;
			children = (
				83D1F4432BB1C30400A611A5 /* ibvn.app */,
				83D1F4532BB1C30700A611A5 /* ibvnTests.xctest */,
				83D1F45D2BB1C30700A611A5 /* ibvnUITests.xctest */,
			);
			name = Products;
			sourceTree = "<group>";
		};
		83D1F4452BB1C30400A611A5 /* ibvn */ = {
			isa = PBXGroup;
			children = (
				839BDCCC2BBD3B3600DE4442 /* Modules */,
				83891C3B2BB62EC8002CBE99 /* Helper */,
				83D1F4462BB1C30400A611A5 /* IbvnApp.swift */,
				83D1F44A2BB1C30600A611A5 /* Assets.xcassets */,
				83D1F44C2BB1C30600A611A5 /* Preview Content */,
			);
			path = ibvn;
			sourceTree = "<group>";
		};
		83D1F44C2BB1C30600A611A5 /* Preview Content */ = {
			isa = PBXGroup;
			children = (
				83D1F44D2BB1C30600A611A5 /* Preview Assets.xcassets */,
			);
			path = "Preview Content";
			sourceTree = "<group>";
		};
		83D1F4562BB1C30700A611A5 /* ibvnTests */ = {
			isa = PBXGroup;
			children = (
				83D1F4572BB1C30700A611A5 /* IbvnTests.swift */,
			);
			path = ibvnTests;
			sourceTree = "<group>";
		};
		83D1F4602BB1C30700A611A5 /* ibvnUITests */ = {
			isa = PBXGroup;
			children = (
				83D1F4612BB1C30700A611A5 /* IbvnUITests.swift */,
				83D1F4632BB1C30700A611A5 /* IbvnUITestsLaunchTests.swift */,
			);
			path = ibvnUITests;
			sourceTree = "<group>";
		};
		83E980832BB533A200BF0094 /* Model */ = {
			isa = PBXGroup;
			children = (
				83E980842BB533BF00BF0094 /* YouTubeSeach.swift */,
			);
			path = Model;
			sourceTree = "<group>";
		};
		83E9808A2BB5412100BF0094 /* ElRetoDeHoy */ = {
			isa = PBXGroup;
			children = (
				83D182C32BB5549A0097A4D9 /* LocalData */,
				83D182C22BB553F40097A4D9 /* Model */,
				83D182BC2BB552770097A4D9 /* ElRetoDeHoyList */,
				83D182BD2BB552A00097A4D9 /* ElRetoDeHoyVideos */,
			);
			path = ElRetoDeHoy;
			sourceTree = "<group>";
		};
		83FF6A242BB3080D00E3B4DF /* SundayPreaches */ = {
			isa = PBXGroup;
			children = (
				839DBA552BB3C6E900E2B77F /* LocalData */,
				83E980832BB533A200BF0094 /* Model */,
				83FF6A252BB3083900E3B4DF /* SundayPreachesViewModel.swift */,
				83386E542BB24E2E00E6BDE4 /* SundayPreachesView.swift */,
			);
			path = SundayPreaches;
			sourceTree = "<group>";
		};
/* End PBXGroup section */

/* Begin PBXNativeTarget section */
		83D1F4422BB1C30400A611A5 /* ibvn */ = {
			isa = PBXNativeTarget;
			buildConfigurationList = 83D1F4672BB1C30700A611A5 /* Build configuration list for PBXNativeTarget "ibvn" */;
			buildPhases = (
				83D1F43F2BB1C30400A611A5 /* Sources */,
				83D1F4402BB1C30400A611A5 /* Frameworks */,
				83D1F4412BB1C30400A611A5 /* Resources */,
				83F6A7C82BBC8A1E00F79AEF /* ShellScript */,
			);
			buildRules = (
			);
			dependencies = (
			);
			name = ibvn;
			packageProductDependencies = (
				83386E572BB24EA900E6BDE4 /* YouTubeiOSPlayerHelper */,
			);
			productName = ibvn;
			productReference = 83D1F4432BB1C30400A611A5 /* ibvn.app */;
			productType = "com.apple.product-type.application";
		};
		83D1F4522BB1C30700A611A5 /* ibvnTests */ = {
			isa = PBXNativeTarget;
			buildConfigurationList = 83D1F46A2BB1C30700A611A5 /* Build configuration list for PBXNativeTarget "ibvnTests" */;
			buildPhases = (
				83D1F44F2BB1C30700A611A5 /* Sources */,
				83D1F4502BB1C30700A611A5 /* Frameworks */,
				83D1F4512BB1C30700A611A5 /* Resources */,
			);
			buildRules = (
			);
			dependencies = (
				83D1F4552BB1C30700A611A5 /* PBXTargetDependency */,
			);
			name = ibvnTests;
			productName = ibvnTests;
			productReference = 83D1F4532BB1C30700A611A5 /* ibvnTests.xctest */;
			productType = "com.apple.product-type.bundle.unit-test";
		};
		83D1F45C2BB1C30700A611A5 /* ibvnUITests */ = {
			isa = PBXNativeTarget;
			buildConfigurationList = 83D1F46D2BB1C30700A611A5 /* Build configuration list for PBXNativeTarget "ibvnUITests" */;
			buildPhases = (
				83D1F4592BB1C30700A611A5 /* Sources */,
				83D1F45A2BB1C30700A611A5 /* Frameworks */,
				83D1F45B2BB1C30700A611A5 /* Resources */,
			);
			buildRules = (
			);
			dependencies = (
				83D1F45F2BB1C30700A611A5 /* PBXTargetDependency */,
			);
			name = ibvnUITests;
			productName = ibvnUITests;
			productReference = 83D1F45D2BB1C30700A611A5 /* ibvnUITests.xctest */;
			productType = "com.apple.product-type.bundle.ui-testing";
		};
/* End PBXNativeTarget section */

/* Begin PBXProject section */
		83D1F43B2BB1C30400A611A5 /* Project object */ = {
			isa = PBXProject;
			attributes = {
				BuildIndependentTargetsInParallel = 1;
				LastSwiftUpdateCheck = 1520;
				LastUpgradeCheck = 1520;
				TargetAttributes = {
					83D1F4422BB1C30400A611A5 = {
						CreatedOnToolsVersion = 15.2;
					};
					83D1F4522BB1C30700A611A5 = {
						CreatedOnToolsVersion = 15.2;
						TestTargetID = 83D1F4422BB1C30400A611A5;
					};
					83D1F45C2BB1C30700A611A5 = {
						CreatedOnToolsVersion = 15.2;
						TestTargetID = 83D1F4422BB1C30400A611A5;
					};
				};
			};
			buildConfigurationList = 83D1F43E2BB1C30400A611A5 /* Build configuration list for PBXProject "ibvn" */;
			compatibilityVersion = "Xcode 14.0";
			developmentRegion = "es-419";
			hasScannedForEncodings = 0;
			knownRegions = (
				en,
				"es-419",
			);
			mainGroup = 83D1F43A2BB1C30400A611A5;
			packageReferences = (
				83386E562BB24EA900E6BDE4 /* XCRemoteSwiftPackageReference "youtube-ios-player-helper" */,
			);
			productRefGroup = 83D1F4442BB1C30400A611A5 /* Products */;
			projectDirPath = "";
			projectRoot = "";
			targets = (
				83D1F4422BB1C30400A611A5 /* ibvn */,
				83D1F4522BB1C30700A611A5 /* ibvnTests */,
				83D1F45C2BB1C30700A611A5 /* ibvnUITests */,
			);
		};
/* End PBXProject section */

/* Begin PBXResourcesBuildPhase section */
		83D1F4412BB1C30400A611A5 /* Resources */ = {
			isa = PBXResourcesBuildPhase;
			buildActionMask = 2147483647;
			files = (
				83D1F44E2BB1C30600A611A5 /* Preview Assets.xcassets in Resources */,
				838DBAA72BB5DAE600DB1591 /* NocheDeViernes.json in Resources */,
				839DBA572BB3C71800E2B77F /* SundayPreaches.json in Resources */,
				83D1F44B2BB1C30600A611A5 /* Assets.xcassets in Resources */,
				83E980872BB5388000BF0094 /* ElRetoDeHoyLists.json in Resources */,
				83D182C52BB5554A0097A4D9 /* ElRetoDeHoyVideos.json in Resources */,
			);
			runOnlyForDeploymentPostprocessing = 0;
		};
		83D1F4512BB1C30700A611A5 /* Resources */ = {
			isa = PBXResourcesBuildPhase;
			buildActionMask = 2147483647;
			files = (
			);
			runOnlyForDeploymentPostprocessing = 0;
		};
		83D1F45B2BB1C30700A611A5 /* Resources */ = {
			isa = PBXResourcesBuildPhase;
			buildActionMask = 2147483647;
			files = (
			);
			runOnlyForDeploymentPostprocessing = 0;
		};
/* End PBXResourcesBuildPhase section */

/* Begin PBXShellScriptBuildPhase section */
		83F6A7C82BBC8A1E00F79AEF /* ShellScript */ = {
			isa = PBXShellScriptBuildPhase;
			alwaysOutOfDate = 1;
			buildActionMask = 2147483647;
			files = (
			);
			inputFileListPaths = (
			);
			inputPaths = (
			);
			outputFileListPaths = (
			);
			outputPaths = (
			);
			runOnlyForDeploymentPostprocessing = 0;
			shellPath = /bin/sh;
			shellScript = "if [[ \"$(uname -m)\" == arm64 ]]; then\n    export PATH=\"/opt/homebrew/bin:$PATH\"\nfi\n\nif which swiftlint > /dev/null; then\n  swiftlint\nelse\n  echo \"warning: SwiftLint not installed, download from https://github.com/realm/SwiftLint\"\nfi\n";
		};
/* End PBXShellScriptBuildPhase section */

/* Begin PBXSourcesBuildPhase section */
		83D1F43F2BB1C30400A611A5 /* Sources */ = {
			isa = PBXSourcesBuildPhase;
			buildActionMask = 2147483647;
			files = (
				83E980902BB54F8000BF0094 /* Image+Extensions.swift in Sources */,
				8315C84A2BBCCD9B002186E9 /* YouTubeVideoView.swift in Sources */,
				83D182BF2BB552D00097A4D9 /* ElRetoDeHoyVideosView.swift in Sources */,
				83D182CA2BB55EA90097A4D9 /* TabBarView.swift in Sources */,
				83E980852BB533BF00BF0094 /* YouTubeSeach.swift in Sources */,
				83E980892BB53AE000BF0094 /* YouTubeList.swift in Sources */,
				83D182C72BB5576F0097A4D9 /* YoutubeListVideos.swift in Sources */,
				839BDCCA2BBD390500DE4442 /* ViewModifier.swift in Sources */,
				839DBA5A2BB3D4DB00E2B77F /* String+Extensions.swift in Sources */,
				83E9808C2BB5414200BF0094 /* ElRetoDeHoyListView.swift in Sources */,
				83D182C12BB552E00097A4D9 /* ElRetoDeHoyVideosViewModel.swift in Sources */,
				838DBAB12BB5F06F00DB1591 /* View+Extensions.swift in Sources */,
				83386E552BB24E2E00E6BDE4 /* SundayPreachesView.swift in Sources */,
				83E9808E2BB5415400BF0094 /* ElRetoDeHoyListViewModel.swift in Sources */,
				83FF6A262BB3083A00E3B4DF /* SundayPreachesViewModel.swift in Sources */,
				83891C3D2BB62EDC002CBE99 /* Constants.swift in Sources */,
				83D1F4472BB1C30400A611A5 /* IbvnApp.swift in Sources */,
				83891C3A2BB6229F002CBE99 /* YouTubePlayer.swift in Sources */,
				838DBAA32BB5D76900DB1591 /* NDVView.swift in Sources */,
				8315C84C2BBCD004002186E9 /* YouTubeVideoListView.swift in Sources */,
				838DBAA52BB5D77700DB1591 /* NDVViewModel.swift in Sources */,
			);
			runOnlyForDeploymentPostprocessing = 0;
		};
		83D1F44F2BB1C30700A611A5 /* Sources */ = {
			isa = PBXSourcesBuildPhase;
			buildActionMask = 2147483647;
			files = (
				83D1F4582BB1C30700A611A5 /* IbvnTests.swift in Sources */,
			);
			runOnlyForDeploymentPostprocessing = 0;
		};
		83D1F4592BB1C30700A611A5 /* Sources */ = {
			isa = PBXSourcesBuildPhase;
			buildActionMask = 2147483647;
			files = (
				83D1F4622BB1C30700A611A5 /* IbvnUITests.swift in Sources */,
				83D1F4642BB1C30700A611A5 /* IbvnUITestsLaunchTests.swift in Sources */,
			);
			runOnlyForDeploymentPostprocessing = 0;
		};
/* End PBXSourcesBuildPhase section */

/* Begin PBXTargetDependency section */
		83D1F4552BB1C30700A611A5 /* PBXTargetDependency */ = {
			isa = PBXTargetDependency;
			target = 83D1F4422BB1C30400A611A5 /* ibvn */;
			targetProxy = 83D1F4542BB1C30700A611A5 /* PBXContainerItemProxy */;
		};
		83D1F45F2BB1C30700A611A5 /* PBXTargetDependency */ = {
			isa = PBXTargetDependency;
			target = 83D1F4422BB1C30400A611A5 /* ibvn */;
			targetProxy = 83D1F45E2BB1C30700A611A5 /* PBXContainerItemProxy */;
		};
/* End PBXTargetDependency section */

/* Begin XCBuildConfiguration section */
		83D1F4652BB1C30700A611A5 /* Debug */ = {
			isa = XCBuildConfiguration;
			buildSettings = {
				ALWAYS_SEARCH_USER_PATHS = NO;
				ASSETCATALOG_COMPILER_GENERATE_SWIFT_ASSET_SYMBOL_EXTENSIONS = YES;
				CLANG_ANALYZER_NONNULL = YES;
				CLANG_ANALYZER_NUMBER_OBJECT_CONVERSION = YES_AGGRESSIVE;
				CLANG_CXX_LANGUAGE_STANDARD = "gnu++20";
				CLANG_ENABLE_MODULES = YES;
				CLANG_ENABLE_OBJC_ARC = YES;
				CLANG_ENABLE_OBJC_WEAK = YES;
				CLANG_WARN_BLOCK_CAPTURE_AUTORELEASING = YES;
				CLANG_WARN_BOOL_CONVERSION = YES;
				CLANG_WARN_COMMA = YES;
				CLANG_WARN_CONSTANT_CONVERSION = YES;
				CLANG_WARN_DEPRECATED_OBJC_IMPLEMENTATIONS = YES;
				CLANG_WARN_DIRECT_OBJC_ISA_USAGE = YES_ERROR;
				CLANG_WARN_DOCUMENTATION_COMMENTS = YES;
				CLANG_WARN_EMPTY_BODY = YES;
				CLANG_WARN_ENUM_CONVERSION = YES;
				CLANG_WARN_INFINITE_RECURSION = YES;
				CLANG_WARN_INT_CONVERSION = YES;
				CLANG_WARN_NON_LITERAL_NULL_CONVERSION = YES;
				CLANG_WARN_OBJC_IMPLICIT_RETAIN_SELF = YES;
				CLANG_WARN_OBJC_LITERAL_CONVERSION = YES;
				CLANG_WARN_OBJC_ROOT_CLASS = YES_ERROR;
				CLANG_WARN_QUOTED_INCLUDE_IN_FRAMEWORK_HEADER = YES;
				CLANG_WARN_RANGE_LOOP_ANALYSIS = YES;
				CLANG_WARN_STRICT_PROTOTYPES = YES;
				CLANG_WARN_SUSPICIOUS_MOVE = YES;
				CLANG_WARN_UNGUARDED_AVAILABILITY = YES_AGGRESSIVE;
				CLANG_WARN_UNREACHABLE_CODE = YES;
				CLANG_WARN__DUPLICATE_METHOD_MATCH = YES;
				COPY_PHASE_STRIP = NO;
				DEBUG_INFORMATION_FORMAT = dwarf;
				ENABLE_STRICT_OBJC_MSGSEND = YES;
				ENABLE_TESTABILITY = YES;
				ENABLE_USER_SCRIPT_SANDBOXING = YES;
				GCC_C_LANGUAGE_STANDARD = gnu17;
				GCC_DYNAMIC_NO_PIC = NO;
				GCC_NO_COMMON_BLOCKS = YES;
				GCC_OPTIMIZATION_LEVEL = 0;
				GCC_PREPROCESSOR_DEFINITIONS = (
					"DEBUG=1",
					"$(inherited)",
				);
				GCC_WARN_64_TO_32_BIT_CONVERSION = YES;
				GCC_WARN_ABOUT_RETURN_TYPE = YES_ERROR;
				GCC_WARN_UNDECLARED_SELECTOR = YES;
				GCC_WARN_UNINITIALIZED_AUTOS = YES_AGGRESSIVE;
				GCC_WARN_UNUSED_FUNCTION = YES;
				GCC_WARN_UNUSED_VARIABLE = YES;
				IPHONEOS_DEPLOYMENT_TARGET = 15.0;
				LOCALIZATION_PREFERS_STRING_CATALOGS = YES;
				MTL_ENABLE_DEBUG_INFO = INCLUDE_SOURCE;
				MTL_FAST_MATH = YES;
				ONLY_ACTIVE_ARCH = YES;
				SDKROOT = iphoneos;
				SWIFT_ACTIVE_COMPILATION_CONDITIONS = "DEBUG $(inherited)";
				SWIFT_OPTIMIZATION_LEVEL = "-Onone";
			};
			name = Debug;
		};
		83D1F4662BB1C30700A611A5 /* Release */ = {
			isa = XCBuildConfiguration;
			buildSettings = {
				ALWAYS_SEARCH_USER_PATHS = NO;
				ASSETCATALOG_COMPILER_GENERATE_SWIFT_ASSET_SYMBOL_EXTENSIONS = YES;
				CLANG_ANALYZER_NONNULL = YES;
				CLANG_ANALYZER_NUMBER_OBJECT_CONVERSION = YES_AGGRESSIVE;
				CLANG_CXX_LANGUAGE_STANDARD = "gnu++20";
				CLANG_ENABLE_MODULES = YES;
				CLANG_ENABLE_OBJC_ARC = YES;
				CLANG_ENABLE_OBJC_WEAK = YES;
				CLANG_WARN_BLOCK_CAPTURE_AUTORELEASING = YES;
				CLANG_WARN_BOOL_CONVERSION = YES;
				CLANG_WARN_COMMA = YES;
				CLANG_WARN_CONSTANT_CONVERSION = YES;
				CLANG_WARN_DEPRECATED_OBJC_IMPLEMENTATIONS = YES;
				CLANG_WARN_DIRECT_OBJC_ISA_USAGE = YES_ERROR;
				CLANG_WARN_DOCUMENTATION_COMMENTS = YES;
				CLANG_WARN_EMPTY_BODY = YES;
				CLANG_WARN_ENUM_CONVERSION = YES;
				CLANG_WARN_INFINITE_RECURSION = YES;
				CLANG_WARN_INT_CONVERSION = YES;
				CLANG_WARN_NON_LITERAL_NULL_CONVERSION = YES;
				CLANG_WARN_OBJC_IMPLICIT_RETAIN_SELF = YES;
				CLANG_WARN_OBJC_LITERAL_CONVERSION = YES;
				CLANG_WARN_OBJC_ROOT_CLASS = YES_ERROR;
				CLANG_WARN_QUOTED_INCLUDE_IN_FRAMEWORK_HEADER = YES;
				CLANG_WARN_RANGE_LOOP_ANALYSIS = YES;
				CLANG_WARN_STRICT_PROTOTYPES = YES;
				CLANG_WARN_SUSPICIOUS_MOVE = YES;
				CLANG_WARN_UNGUARDED_AVAILABILITY = YES_AGGRESSIVE;
				CLANG_WARN_UNREACHABLE_CODE = YES;
				CLANG_WARN__DUPLICATE_METHOD_MATCH = YES;
				COPY_PHASE_STRIP = NO;
				DEBUG_INFORMATION_FORMAT = "dwarf-with-dsym";
				ENABLE_NS_ASSERTIONS = NO;
				ENABLE_STRICT_OBJC_MSGSEND = YES;
				ENABLE_USER_SCRIPT_SANDBOXING = YES;
				GCC_C_LANGUAGE_STANDARD = gnu17;
				GCC_NO_COMMON_BLOCKS = YES;
				GCC_WARN_64_TO_32_BIT_CONVERSION = YES;
				GCC_WARN_ABOUT_RETURN_TYPE = YES_ERROR;
				GCC_WARN_UNDECLARED_SELECTOR = YES;
				GCC_WARN_UNINITIALIZED_AUTOS = YES_AGGRESSIVE;
				GCC_WARN_UNUSED_FUNCTION = YES;
				GCC_WARN_UNUSED_VARIABLE = YES;
				IPHONEOS_DEPLOYMENT_TARGET = 15.0;
				LOCALIZATION_PREFERS_STRING_CATALOGS = YES;
				MTL_ENABLE_DEBUG_INFO = NO;
				MTL_FAST_MATH = YES;
				SDKROOT = iphoneos;
				SWIFT_COMPILATION_MODE = wholemodule;
				VALIDATE_PRODUCT = YES;
			};
			name = Release;
		};
		83D1F4682BB1C30700A611A5 /* Debug */ = {
			isa = XCBuildConfiguration;
			buildSettings = {
				ASSETCATALOG_COMPILER_APPICON_NAME = AppIcon;
				ASSETCATALOG_COMPILER_GLOBAL_ACCENT_COLOR_NAME = AccentColor;
				CODE_SIGN_IDENTITY = "Apple Development";
				CODE_SIGN_STYLE = Automatic;
				CURRENT_PROJECT_VERSION = 1;
				DEVELOPMENT_ASSET_PATHS = "\"ibvn/Preview Content\"";
				DEVELOPMENT_TEAM = PPMH8RM668;
				ENABLE_PREVIEWS = YES;
				ENABLE_USER_SCRIPT_SANDBOXING = NO;
				GENERATE_INFOPLIST_FILE = YES;
				INFOPLIST_KEY_UIApplicationSceneManifest_Generation = YES;
				INFOPLIST_KEY_UIApplicationSupportsIndirectInputEvents = YES;
				INFOPLIST_KEY_UILaunchScreen_Generation = YES;
				INFOPLIST_KEY_UIStatusBarStyle = UIStatusBarStyleDarkContent;
				INFOPLIST_KEY_UISupportedInterfaceOrientations = UIInterfaceOrientationPortrait;
				INFOPLIST_KEY_UISupportedInterfaceOrientations_iPad = "UIInterfaceOrientationLandscapeLeft UIInterfaceOrientationLandscapeRight UIInterfaceOrientationPortrait UIInterfaceOrientationPortraitUpsideDown";
				IPHONEOS_DEPLOYMENT_TARGET = 15.0;
				LD_RUNPATH_SEARCH_PATHS = (
					"$(inherited)",
					"@executable_path/Frameworks",
				);
				MARKETING_VERSION = 1.0;
				PRODUCT_BUNDLE_IDENTIFIER = jmletona.ibvn;
				PRODUCT_NAME = "$(TARGET_NAME)";
				PROVISIONING_PROFILE_SPECIFIER = "";
				SWIFT_EMIT_LOC_STRINGS = YES;
				SWIFT_VERSION = 5.0;
				TARGETED_DEVICE_FAMILY = "1,2";
			};
			name = Debug;
		};
		83D1F4692BB1C30700A611A5 /* Release */ = {
			isa = XCBuildConfiguration;
			buildSettings = {
				ASSETCATALOG_COMPILER_APPICON_NAME = AppIcon;
				ASSETCATALOG_COMPILER_GLOBAL_ACCENT_COLOR_NAME = AccentColor;
				CODE_SIGN_STYLE = Automatic;
				CURRENT_PROJECT_VERSION = 1;
				DEVELOPMENT_ASSET_PATHS = "\"ibvn/Preview Content\"";
				DEVELOPMENT_TEAM = PPMH8RM668;
				ENABLE_PREVIEWS = YES;
				ENABLE_USER_SCRIPT_SANDBOXING = NO;
				GENERATE_INFOPLIST_FILE = YES;
				INFOPLIST_KEY_UIApplicationSceneManifest_Generation = YES;
				INFOPLIST_KEY_UIApplicationSupportsIndirectInputEvents = YES;
				INFOPLIST_KEY_UILaunchScreen_Generation = YES;
				INFOPLIST_KEY_UIStatusBarStyle = UIStatusBarStyleDarkContent;
				INFOPLIST_KEY_UISupportedInterfaceOrientations = UIInterfaceOrientationPortrait;
				INFOPLIST_KEY_UISupportedInterfaceOrientations_iPad = "UIInterfaceOrientationLandscapeLeft UIInterfaceOrientationLandscapeRight UIInterfaceOrientationPortrait UIInterfaceOrientationPortraitUpsideDown";
				IPHONEOS_DEPLOYMENT_TARGET = 15.0;
				LD_RUNPATH_SEARCH_PATHS = (
					"$(inherited)",
					"@executable_path/Frameworks",
				);
				MARKETING_VERSION = 1.0;
				PRODUCT_BUNDLE_IDENTIFIER = jmletona.ibvn;
				PRODUCT_NAME = "$(TARGET_NAME)";
				SWIFT_EMIT_LOC_STRINGS = YES;
				SWIFT_VERSION = 5.0;
				TARGETED_DEVICE_FAMILY = "1,2";
			};
			name = Release;
		};
		83D1F46B2BB1C30700A611A5 /* Debug */ = {
			isa = XCBuildConfiguration;
			buildSettings = {
				ALWAYS_EMBED_SWIFT_STANDARD_LIBRARIES = YES;
				BUNDLE_LOADER = "$(TEST_HOST)";
				CODE_SIGN_STYLE = Automatic;
				CURRENT_PROJECT_VERSION = 1;
				GENERATE_INFOPLIST_FILE = YES;
				IPHONEOS_DEPLOYMENT_TARGET = 17.2;
				MARKETING_VERSION = 1.0;
				PRODUCT_BUNDLE_IDENTIFIER = jmletona.ibvnTests;
				PRODUCT_NAME = "$(TARGET_NAME)";
				SWIFT_EMIT_LOC_STRINGS = NO;
				SWIFT_VERSION = 5.0;
				TARGETED_DEVICE_FAMILY = "1,2";
				TEST_HOST = "$(BUILT_PRODUCTS_DIR)/ibvn.app/$(BUNDLE_EXECUTABLE_FOLDER_PATH)/ibvn";
			};
			name = Debug;
		};
		83D1F46C2BB1C30700A611A5 /* Release */ = {
			isa = XCBuildConfiguration;
			buildSettings = {
				ALWAYS_EMBED_SWIFT_STANDARD_LIBRARIES = YES;
				BUNDLE_LOADER = "$(TEST_HOST)";
				CODE_SIGN_STYLE = Automatic;
				CURRENT_PROJECT_VERSION = 1;
				GENERATE_INFOPLIST_FILE = YES;
				IPHONEOS_DEPLOYMENT_TARGET = 17.2;
				MARKETING_VERSION = 1.0;
				PRODUCT_BUNDLE_IDENTIFIER = jmletona.ibvnTests;
				PRODUCT_NAME = "$(TARGET_NAME)";
				SWIFT_EMIT_LOC_STRINGS = NO;
				SWIFT_VERSION = 5.0;
				TARGETED_DEVICE_FAMILY = "1,2";
				TEST_HOST = "$(BUILT_PRODUCTS_DIR)/ibvn.app/$(BUNDLE_EXECUTABLE_FOLDER_PATH)/ibvn";
			};
			name = Release;
		};
		83D1F46E2BB1C30700A611A5 /* Debug */ = {
			isa = XCBuildConfiguration;
			buildSettings = {
				ALWAYS_EMBED_SWIFT_STANDARD_LIBRARIES = YES;
				CODE_SIGN_STYLE = Automatic;
				CURRENT_PROJECT_VERSION = 1;
				GENERATE_INFOPLIST_FILE = YES;
				MARKETING_VERSION = 1.0;
				PRODUCT_BUNDLE_IDENTIFIER = jmletona.ibvnUITests;
				PRODUCT_NAME = "$(TARGET_NAME)";
				SWIFT_EMIT_LOC_STRINGS = NO;
				SWIFT_VERSION = 5.0;
				TARGETED_DEVICE_FAMILY = "1,2";
				TEST_TARGET_NAME = ibvn;
			};
			name = Debug;
		};
		83D1F46F2BB1C30700A611A5 /* Release */ = {
			isa = XCBuildConfiguration;
			buildSettings = {
				ALWAYS_EMBED_SWIFT_STANDARD_LIBRARIES = YES;
				CODE_SIGN_STYLE = Automatic;
				CURRENT_PROJECT_VERSION = 1;
				GENERATE_INFOPLIST_FILE = YES;
				MARKETING_VERSION = 1.0;
				PRODUCT_BUNDLE_IDENTIFIER = jmletona.ibvnUITests;
				PRODUCT_NAME = "$(TARGET_NAME)";
				SWIFT_EMIT_LOC_STRINGS = NO;
				SWIFT_VERSION = 5.0;
				TARGETED_DEVICE_FAMILY = "1,2";
				TEST_TARGET_NAME = ibvn;
			};
			name = Release;
		};
/* End XCBuildConfiguration section */

/* Begin XCConfigurationList section */
		83D1F43E2BB1C30400A611A5 /* Build configuration list for PBXProject "ibvn" */ = {
			isa = XCConfigurationList;
			buildConfigurations = (
				83D1F4652BB1C30700A611A5 /* Debug */,
				83D1F4662BB1C30700A611A5 /* Release */,
			);
			defaultConfigurationIsVisible = 0;
			defaultConfigurationName = Release;
		};
		83D1F4672BB1C30700A611A5 /* Build configuration list for PBXNativeTarget "ibvn" */ = {
			isa = XCConfigurationList;
			buildConfigurations = (
				83D1F4682BB1C30700A611A5 /* Debug */,
				83D1F4692BB1C30700A611A5 /* Release */,
			);
			defaultConfigurationIsVisible = 0;
			defaultConfigurationName = Release;
		};
		83D1F46A2BB1C30700A611A5 /* Build configuration list for PBXNativeTarget "ibvnTests" */ = {
			isa = XCConfigurationList;
			buildConfigurations = (
				83D1F46B2BB1C30700A611A5 /* Debug */,
				83D1F46C2BB1C30700A611A5 /* Release */,
			);
			defaultConfigurationIsVisible = 0;
			defaultConfigurationName = Release;
		};
		83D1F46D2BB1C30700A611A5 /* Build configuration list for PBXNativeTarget "ibvnUITests" */ = {
			isa = XCConfigurationList;
			buildConfigurations = (
				83D1F46E2BB1C30700A611A5 /* Debug */,
				83D1F46F2BB1C30700A611A5 /* Release */,
			);
			defaultConfigurationIsVisible = 0;
			defaultConfigurationName = Release;
		};
/* End XCConfigurationList section */

/* Begin XCRemoteSwiftPackageReference section */
		83386E562BB24EA900E6BDE4 /* XCRemoteSwiftPackageReference "youtube-ios-player-helper" */ = {
			isa = XCRemoteSwiftPackageReference;
			repositoryURL = "https://github.com/youtube/youtube-ios-player-helper";
			requirement = {
				kind = upToNextMajorVersion;
				minimumVersion = 1.0.4;
			};
		};
/* End XCRemoteSwiftPackageReference section */

/* Begin XCSwiftPackageProductDependency section */
		83386E572BB24EA900E6BDE4 /* YouTubeiOSPlayerHelper */ = {
			isa = XCSwiftPackageProductDependency;
			package = 83386E562BB24EA900E6BDE4 /* XCRemoteSwiftPackageReference "youtube-ios-player-helper" */;
			productName = YouTubeiOSPlayerHelper;
		};
/* End XCSwiftPackageProductDependency section */
	};
	rootObject = 83D1F43B2BB1C30400A611A5 /* Project object */;
}
